// !$*UTF8*$!
{
	archiveVersion = 1;
	classes = {
	};
	objectVersion = 50;
	objects = {

/* Begin PBXBuildFile section */
		521E16E122828BFD00F675CC /* AppDelegate.m in Sources */ = {isa = PBXBuildFile; fileRef = 521E16E022828BFD00F675CC /* AppDelegate.m */; };
		521E16E722828BFD00F675CC /* Main.storyboard in Resources */ = {isa = PBXBuildFile; fileRef = 521E16E522828BFD00F675CC /* Main.storyboard */; };
		521E16E922828BFE00F675CC /* Assets.xcassets in Resources */ = {isa = PBXBuildFile; fileRef = 521E16E822828BFE00F675CC /* Assets.xcassets */; };
		521E16EC22828BFE00F675CC /* LaunchScreen.storyboard in Resources */ = {isa = PBXBuildFile; fileRef = 521E16EA22828BFE00F675CC /* LaunchScreen.storyboard */; };
		521E16EF22828BFE00F675CC /* main.m in Sources */ = {isa = PBXBuildFile; fileRef = 521E16EE22828BFE00F675CC /* main.m */; };
		521E16F922828BFE00F675CC /* CCOfflineTests.m in Sources */ = {isa = PBXBuildFile; fileRef = 521E16F822828BFE00F675CC /* CCOfflineTests.m */; };
		521E170422828BFE00F675CC /* CCOfflineUITests.m in Sources */ = {isa = PBXBuildFile; fileRef = 521E170322828BFE00F675CC /* CCOfflineUITests.m */; };
		521E171322828C4600F675CC /* DownLoadViewController.m in Sources */ = {isa = PBXBuildFile; fileRef = 521E171222828C4600F675CC /* DownLoadViewController.m */; };
		521E172B2282A5F400F675CC /* ScanViewController.m in Sources */ = {isa = PBXBuildFile; fileRef = 521E17222282A5F400F675CC /* ScanViewController.m */; };
		521E172C2282A5F400F675CC /* ScanOverViewController.m in Sources */ = {isa = PBXBuildFile; fileRef = 521E17232282A5F400F675CC /* ScanOverViewController.m */; };
		521E172D2282A5F400F675CC /* PhotoNotPermissionVC.m in Sources */ = {isa = PBXBuildFile; fileRef = 521E17242282A5F400F675CC /* PhotoNotPermissionVC.m */; };
		521E17302282A64900F675CC /* AddUrlViewController.m in Sources */ = {isa = PBXBuildFile; fileRef = 521E172F2282A64900F675CC /* AddUrlViewController.m */; };
		521E17342282AB6200F675CC /* InformationShowView.m in Sources */ = {isa = PBXBuildFile; fileRef = 521E17322282AB6200F675CC /* InformationShowView.m */; };
		521E17372282ABAD00F675CC /* UITouchView.m in Sources */ = {isa = PBXBuildFile; fileRef = 521E17352282ABAD00F675CC /* UITouchView.m */; };
		521E173C2283C98F00F675CC /* MyTableViewCell.m in Sources */ = {isa = PBXBuildFile; fileRef = 521E173A2283C98F00F675CC /* MyTableViewCell.m */; };
		52524D85229F8B8300491342 /* IJKMediaFramework.framework in Frameworks */ = {isa = PBXBuildFile; fileRef = 52524D80229F8B8200491342 /* IJKMediaFramework.framework */; };
		52524D86229F8B8300491342 /* CCSDK.framework in Frameworks */ = {isa = PBXBuildFile; fileRef = 52524D81229F8B8200491342 /* CCSDK.framework */; };
		52524D87229F8B8300491342 /* DWDrmServer.framework in Frameworks */ = {isa = PBXBuildFile; fileRef = 52524D82229F8B8200491342 /* DWDrmServer.framework */; };
		52524D89229F8B8300491342 /* WebRTC.framework in Frameworks */ = {isa = PBXBuildFile; fileRef = 52524D84229F8B8200491342 /* WebRTC.framework */; };
		52524D8A229F8B9000491342 /* CCSDK.framework in Frameworks */ = {isa = PBXBuildFile; fileRef = 52524D81229F8B8200491342 /* CCSDK.framework */; };
		52524D8B229F8B9000491342 /* CCSDK.framework in Embed Frameworks */ = {isa = PBXBuildFile; fileRef = 52524D81229F8B8200491342 /* CCSDK.framework */; settings = {ATTRIBUTES = (CodeSignOnCopy, RemoveHeadersOnCopy, ); }; };
		52524D8C229F8B9000491342 /* DWDrmServer.framework in Frameworks */ = {isa = PBXBuildFile; fileRef = 52524D82229F8B8200491342 /* DWDrmServer.framework */; };
		52524D8D229F8B9000491342 /* DWDrmServer.framework in Embed Frameworks */ = {isa = PBXBuildFile; fileRef = 52524D82229F8B8200491342 /* DWDrmServer.framework */; settings = {ATTRIBUTES = (CodeSignOnCopy, RemoveHeadersOnCopy, ); }; };
		52524D8E229F8B9100491342 /* IJKMediaFramework.framework in Frameworks */ = {isa = PBXBuildFile; fileRef = 52524D80229F8B8200491342 /* IJKMediaFramework.framework */; };
		52524D8F229F8B9100491342 /* IJKMediaFramework.framework in Embed Frameworks */ = {isa = PBXBuildFile; fileRef = 52524D80229F8B8200491342 /* IJKMediaFramework.framework */; settings = {ATTRIBUTES = (CodeSignOnCopy, RemoveHeadersOnCopy, ); }; };
		52524D90229F8B9100491342 /* WebRTC.framework in Frameworks */ = {isa = PBXBuildFile; fileRef = 52524D84229F8B8200491342 /* WebRTC.framework */; };
		52524D91229F8B9100491342 /* WebRTC.framework in Embed Frameworks */ = {isa = PBXBuildFile; fileRef = 52524D84229F8B8200491342 /* WebRTC.framework */; settings = {ATTRIBUTES = (CodeSignOnCopy, RemoveHeadersOnCopy, ); }; };
		52BD12F922891F0100FCC0B5 /* CCDownloadSessionManager+File.m in Sources */ = {isa = PBXBuildFile; fileRef = 52BD12F222891F0100FCC0B5 /* CCDownloadSessionManager+File.m */; };
		52BD12FA22891F0100FCC0B5 /* NSURLSession+CCCorrectedResumeData.m in Sources */ = {isa = PBXBuildFile; fileRef = 52BD12F422891F0100FCC0B5 /* NSURLSession+CCCorrectedResumeData.m */; };
		52BD12FB22891F0100FCC0B5 /* CCDownloadModel.m in Sources */ = {isa = PBXBuildFile; fileRef = 52BD12F522891F0100FCC0B5 /* CCDownloadModel.m */; };
		52BD12FC22891F0100FCC0B5 /* CCDownloadSessionManager.m in Sources */ = {isa = PBXBuildFile; fileRef = 52BD12F722891F0100FCC0B5 /* CCDownloadSessionManager.m */; };
		52BD12FF22893E9D00FCC0B5 /* CCDownloadUtility.m in Sources */ = {isa = PBXBuildFile; fileRef = 52BD12FE22893E9D00FCC0B5 /* CCDownloadUtility.m */; };
		52BD13522289525A00FCC0B5 /* UIButton+UserInfo.m in Sources */ = {isa = PBXBuildFile; fileRef = 52BD13502289525900FCC0B5 /* UIButton+UserInfo.m */; };
		52DC49C7238D2A6A00153F80 /* CCBundle.bundle in Resources */ = {isa = PBXBuildFile; fileRef = 52DC49C6238D2A6A00153F80 /* CCBundle.bundle */; };
		70E04FF822897C6300A735FC /* LICENSE in Resources */ = {isa = PBXBuildFile; fileRef = 70E04FC522897C6300A735FC /* LICENSE */; };
		70E04FF922897C6300A735FC /* UIScrollView+MJRefresh.m in Sources */ = {isa = PBXBuildFile; fileRef = 70E04FC722897C6300A735FC /* UIScrollView+MJRefresh.m */; };
		70E04FFA22897C6300A735FC /* MJRefreshConst.m in Sources */ = {isa = PBXBuildFile; fileRef = 70E04FC822897C6300A735FC /* MJRefreshConst.m */; };
		70E04FFB22897C6300A735FC /* MJRefreshConfig.m in Sources */ = {isa = PBXBuildFile; fileRef = 70E04FC922897C6300A735FC /* MJRefreshConfig.m */; };
		70E04FFC22897C6300A735FC /* MJRefresh.bundle in Resources */ = {isa = PBXBuildFile; fileRef = 70E04FCD22897C6300A735FC /* MJRefresh.bundle */; };
		70E04FFD22897C6300A735FC /* UIScrollView+MJExtension.m in Sources */ = {isa = PBXBuildFile; fileRef = 70E04FCF22897C6300A735FC /* UIScrollView+MJExtension.m */; };
		70E04FFE22897C6300A735FC /* NSBundle+MJRefresh.m in Sources */ = {isa = PBXBuildFile; fileRef = 70E04FD322897C6300A735FC /* NSBundle+MJRefresh.m */; };
		70E04FFF22897C6300A735FC /* UIView+MJExtension.m in Sources */ = {isa = PBXBuildFile; fileRef = 70E04FD422897C6300A735FC /* UIView+MJExtension.m */; };
		70E0500022897C6300A735FC /* MJRefreshBackGifFooter.m in Sources */ = {isa = PBXBuildFile; fileRef = 70E04FDB22897C6300A735FC /* MJRefreshBackGifFooter.m */; };
		70E0500122897C6300A735FC /* MJRefreshBackStateFooter.m in Sources */ = {isa = PBXBuildFile; fileRef = 70E04FDC22897C6300A735FC /* MJRefreshBackStateFooter.m */; };
		70E0500222897C6300A735FC /* MJRefreshBackNormalFooter.m in Sources */ = {isa = PBXBuildFile; fileRef = 70E04FDD22897C6300A735FC /* MJRefreshBackNormalFooter.m */; };
		70E0500322897C6300A735FC /* MJRefreshAutoStateFooter.m in Sources */ = {isa = PBXBuildFile; fileRef = 70E04FE222897C6300A735FC /* MJRefreshAutoStateFooter.m */; };
		70E0500422897C6300A735FC /* MJRefreshAutoGifFooter.m in Sources */ = {isa = PBXBuildFile; fileRef = 70E04FE322897C6300A735FC /* MJRefreshAutoGifFooter.m */; };
		70E0500522897C6300A735FC /* MJRefreshAutoNormalFooter.m in Sources */ = {isa = PBXBuildFile; fileRef = 70E04FE422897C6300A735FC /* MJRefreshAutoNormalFooter.m */; };
		70E0500622897C6300A735FC /* MJRefreshNormalHeader.m in Sources */ = {isa = PBXBuildFile; fileRef = 70E04FE622897C6300A735FC /* MJRefreshNormalHeader.m */; };
		70E0500722897C6300A735FC /* MJRefreshStateHeader.m in Sources */ = {isa = PBXBuildFile; fileRef = 70E04FEA22897C6300A735FC /* MJRefreshStateHeader.m */; };
		70E0500822897C6300A735FC /* MJRefreshGifHeader.m in Sources */ = {isa = PBXBuildFile; fileRef = 70E04FEB22897C6300A735FC /* MJRefreshGifHeader.m */; };
		70E0500922897C6300A735FC /* MJRefreshFooter.m in Sources */ = {isa = PBXBuildFile; fileRef = 70E04FED22897C6300A735FC /* MJRefreshFooter.m */; };
		70E0500A22897C6300A735FC /* MJRefreshHeader.m in Sources */ = {isa = PBXBuildFile; fileRef = 70E04FEF22897C6300A735FC /* MJRefreshHeader.m */; };
		70E0500B22897C6300A735FC /* MJRefreshBackFooter.m in Sources */ = {isa = PBXBuildFile; fileRef = 70E04FF122897C6300A735FC /* MJRefreshBackFooter.m */; };
		70E0500C22897C6300A735FC /* MJRefreshAutoFooter.m in Sources */ = {isa = PBXBuildFile; fileRef = 70E04FF222897C6300A735FC /* MJRefreshAutoFooter.m */; };
		70E0500D22897C6300A735FC /* MJRefreshComponent.m in Sources */ = {isa = PBXBuildFile; fileRef = 70E04FF422897C6300A735FC /* MJRefreshComponent.m */; };
		70E0500E22897C6300A735FC /* README.md in Resources */ = {isa = PBXBuildFile; fileRef = 70E04FF722897C6300A735FC /* README.md */; };
		70E0502C22897CF600A735FC /* CCChatBaseView.m in Sources */ = {isa = PBXBuildFile; fileRef = 70E0501322897CF600A735FC /* CCChatBaseView.m */; };
		70E0502D22897CF600A735FC /* CCPrivateChatView.m in Sources */ = {isa = PBXBuildFile; fileRef = 70E0501622897CF600A735FC /* CCPrivateChatView.m */; };
		70E0502E22897CF600A735FC /* CCPrivateChatViewCell.m in Sources */ = {isa = PBXBuildFile; fileRef = 70E0501922897CF600A735FC /* CCPrivateChatViewCell.m */; };
		70E0502F22897CF600A735FC /* PrivateChatViewForOne.m in Sources */ = {isa = PBXBuildFile; fileRef = 70E0501A22897CF600A735FC /* PrivateChatViewForOne.m */; };
		70E0503022897CF600A735FC /* CCChatViewDataSourceManager.m in Sources */ = {isa = PBXBuildFile; fileRef = 70E0502022897CF600A735FC /* CCChatViewDataSourceManager.m */; };
		70E0503122897CF600A735FC /* CCImageView.m in Sources */ = {isa = PBXBuildFile; fileRef = 70E0502322897CF600A735FC /* CCImageView.m */; };
		70E0503222897CF600A735FC /* CCChatBaseCell.m in Sources */ = {isa = PBXBuildFile; fileRef = 70E0502422897CF600A735FC /* CCChatBaseCell.m */; };
		70E0503322897CF600A735FC /* CCPhotoBrowser.m in Sources */ = {isa = PBXBuildFile; fileRef = 70E0502522897CF600A735FC /* CCPhotoBrowser.m */; };
		70E0503422897CF600A735FC /* CCPublicChatModel.m in Sources */ = {isa = PBXBuildFile; fileRef = 70E0502922897CF600A735FC /* CCPublicChatModel.m */; };
		70E0503522897CF600A735FC /* CCChatContentView.m in Sources */ = {isa = PBXBuildFile; fileRef = 70E0502B22897CF600A735FC /* CCChatContentView.m */; };
		70E0503822897D1E00A735FC /* CCIntroductionView.m in Sources */ = {isa = PBXBuildFile; fileRef = 70E0503622897D1E00A735FC /* CCIntroductionView.m */; };
		70E0503F22897D4400A735FC /* CCQuestionView.m in Sources */ = {isa = PBXBuildFile; fileRef = 70E0503A22897D4300A735FC /* CCQuestionView.m */; };
		70E0504022897D4400A735FC /* CCQuestionViewCell.m in Sources */ = {isa = PBXBuildFile; fileRef = 70E0503B22897D4300A735FC /* CCQuestionViewCell.m */; };
		70E0504122897D4400A735FC /* QuestionTextField.m in Sources */ = {isa = PBXBuildFile; fileRef = 70E0503C22897D4300A735FC /* QuestionTextField.m */; };
		70E0504C22897DB400A735FC /* CCPlayBackInteractionView.m in Sources */ = {isa = PBXBuildFile; fileRef = 70E0504922897DB400A735FC /* CCPlayBackInteractionView.m */; };
		70E0504D22897DB400A735FC /* CCPlayBackView.m in Sources */ = {isa = PBXBuildFile; fileRef = 70E0504B22897DB400A735FC /* CCPlayBackView.m */; };
		70E0506A22897EED00A735FC /* UIImage+Extension.m in Sources */ = {isa = PBXBuildFile; fileRef = 70E0505222897EEC00A735FC /* UIImage+Extension.m */; };
		70E0506B22897EED00A735FC /* UIButton+UserInfo.m in Sources */ = {isa = PBXBuildFile; fileRef = 70E0505322897EEC00A735FC /* UIButton+UserInfo.m */; };
		70E0506C22897EED00A735FC /* UIView+Extension.m in Sources */ = {isa = PBXBuildFile; fileRef = 70E0505622897EEC00A735FC /* UIView+Extension.m */; };
		70E0506D22897EED00A735FC /* UIImage+animatedGIF.m in Sources */ = {isa = PBXBuildFile; fileRef = 70E0505722897EEC00A735FC /* UIImage+animatedGIF.m */; };
		70E0506E22897EED00A735FC /* UIView+GetVC.m in Sources */ = {isa = PBXBuildFile; fileRef = 70E0505822897EEC00A735FC /* UIView+GetVC.m */; };
		70E0506F22897EED00A735FC /* UIButton+Extension.m in Sources */ = {isa = PBXBuildFile; fileRef = 70E0505A22897EEC00A735FC /* UIButton+Extension.m */; };
		70E0507022897EED00A735FC /* UILabel+Extension.m in Sources */ = {isa = PBXBuildFile; fileRef = 70E0505D22897EEC00A735FC /* UILabel+Extension.m */; };
		70E0507122897EED00A735FC /* UIColor+RCColor.m in Sources */ = {isa = PBXBuildFile; fileRef = 70E0505F22897EED00A735FC /* UIColor+RCColor.m */; };
		70E0507222897EED00A735FC /* NSString+CCSwitchTime.m in Sources */ = {isa = PBXBuildFile; fileRef = 70E0506122897EED00A735FC /* NSString+CCSwitchTime.m */; };
		70E0507322897EED00A735FC /* UITextView+UserInfo.m in Sources */ = {isa = PBXBuildFile; fileRef = 70E0506322897EED00A735FC /* UITextView+UserInfo.m */; };
		70E0507422897EED00A735FC /* TextFieldUserInfo.m in Sources */ = {isa = PBXBuildFile; fileRef = 70E0506422897EED00A735FC /* TextFieldUserInfo.m */; };
		70E0507522897EED00A735FC /* UIBarButtonItem+Extension.m in Sources */ = {isa = PBXBuildFile; fileRef = 70E0506722897EED00A735FC /* UIBarButtonItem+Extension.m */; };
		70E0507622897EED00A735FC /* NSString+Extension.m in Sources */ = {isa = PBXBuildFile; fileRef = 70E0506922897EED00A735FC /* NSString+Extension.m */; };
		70E0507D22897F2500A735FC /* CCLockView.m in Sources */ = {isa = PBXBuildFile; fileRef = 70E0507822897F2500A735FC /* CCLockView.m */; };
		70E0507E22897F2500A735FC /* CCAlertView.m in Sources */ = {isa = PBXBuildFile; fileRef = 70E0507922897F2500A735FC /* CCAlertView.m */; };
		70E0507F22897F2500A735FC /* CCProxy.m in Sources */ = {isa = PBXBuildFile; fileRef = 70E0507C22897F2500A735FC /* CCProxy.m */; };
		70E0508222897FA300A735FC /* Dialogue.m in Sources */ = {isa = PBXBuildFile; fileRef = 70E0508122897FA300A735FC /* Dialogue.m */; };
		70E0508522897FD900A735FC /* CCDocView.m in Sources */ = {isa = PBXBuildFile; fileRef = 70E0508422897FD900A735FC /* CCDocView.m */; };
		70E050882289829F00A735FC /* CustomTextField.m in Sources */ = {isa = PBXBuildFile; fileRef = 70E050872289829F00A735FC /* CustomTextField.m */; };
		70E0508B228982C100A735FC /* Utility.m in Sources */ = {isa = PBXBuildFile; fileRef = 70E0508A228982C100A735FC /* Utility.m */; };
		70E0508E2289830800A735FC /* MySlider.m in Sources */ = {isa = PBXBuildFile; fileRef = 70E0508D2289830800A735FC /* MySlider.m */; };
		70E050912289832400A735FC /* LoadingView.m in Sources */ = {isa = PBXBuildFile; fileRef = 70E050902289832400A735FC /* LoadingView.m */; };
		70E05094228A94D800A735FC /* OfflinePlayBackViewController.m in Sources */ = {isa = PBXBuildFile; fileRef = 70E05093228A94D800A735FC /* OfflinePlayBackViewController.m */; };
		E851E2CA9046E3CF0438D498 /* Pods_CCOffline.framework in Frameworks */ = {isa = PBXBuildFile; fileRef = 90A7284CB95D83E339F22D2F /* Pods_CCOffline.framework */; };
/* End PBXBuildFile section */

/* Begin PBXContainerItemProxy section */
		521E16F522828BFE00F675CC /* PBXContainerItemProxy */ = {
			isa = PBXContainerItemProxy;
			containerPortal = 521E16D422828BFD00F675CC /* Project object */;
			proxyType = 1;
			remoteGlobalIDString = 521E16DB22828BFD00F675CC;
			remoteInfo = CCOffline;
		};
		521E170022828BFE00F675CC /* PBXContainerItemProxy */ = {
			isa = PBXContainerItemProxy;
			containerPortal = 521E16D422828BFD00F675CC /* Project object */;
			proxyType = 1;
			remoteGlobalIDString = 521E16DB22828BFD00F675CC;
			remoteInfo = CCOffline;
		};
/* End PBXContainerItemProxy section */

/* Begin PBXCopyFilesBuildPhase section */
		521E17812284038B00F675CC /* Embed Frameworks */ = {
			isa = PBXCopyFilesBuildPhase;
			buildActionMask = 2147483647;
			dstPath = "";
			dstSubfolderSpec = 10;
			files = (
				52524D8F229F8B9100491342 /* IJKMediaFramework.framework in Embed Frameworks */,
				52524D8D229F8B9000491342 /* DWDrmServer.framework in Embed Frameworks */,
				52524D8B229F8B9000491342 /* CCSDK.framework in Embed Frameworks */,
				52524D91229F8B9100491342 /* WebRTC.framework in Embed Frameworks */,
			);
			name = "Embed Frameworks";
			runOnlyForDeploymentPostprocessing = 0;
		};
/* End PBXCopyFilesBuildPhase section */

/* Begin PBXFileReference section */
		0A778FD9D199A0C9BEC6BDA5 /* Pods-CCOffline.release.xcconfig */ = {isa = PBXFileReference; includeInIndex = 1; lastKnownFileType = text.xcconfig; name = "Pods-CCOffline.release.xcconfig"; path = "Target Support Files/Pods-CCOffline/Pods-CCOffline.release.xcconfig"; sourceTree = "<group>"; };
		521E16DC22828BFD00F675CC /* CCOffline.app */ = {isa = PBXFileReference; explicitFileType = wrapper.application; includeInIndex = 0; path = CCOffline.app; sourceTree = BUILT_PRODUCTS_DIR; };
		521E16DF22828BFD00F675CC /* AppDelegate.h */ = {isa = PBXFileReference; lastKnownFileType = sourcecode.c.h; path = AppDelegate.h; sourceTree = "<group>"; };
		521E16E022828BFD00F675CC /* AppDelegate.m */ = {isa = PBXFileReference; lastKnownFileType = sourcecode.c.objc; path = AppDelegate.m; sourceTree = "<group>"; };
		521E16E622828BFD00F675CC /* Base */ = {isa = PBXFileReference; lastKnownFileType = file.storyboard; name = Base; path = Base.lproj/Main.storyboard; sourceTree = "<group>"; };
		521E16E822828BFE00F675CC /* Assets.xcassets */ = {isa = PBXFileReference; lastKnownFileType = folder.assetcatalog; path = Assets.xcassets; sourceTree = "<group>"; };
		521E16EB22828BFE00F675CC /* Base */ = {isa = PBXFileReference; lastKnownFileType = file.storyboard; name = Base; path = Base.lproj/LaunchScreen.storyboard; sourceTree = "<group>"; };
		521E16ED22828BFE00F675CC /* Info.plist */ = {isa = PBXFileReference; lastKnownFileType = text.plist.xml; path = Info.plist; sourceTree = "<group>"; };
		521E16EE22828BFE00F675CC /* main.m */ = {isa = PBXFileReference; lastKnownFileType = sourcecode.c.objc; path = main.m; sourceTree = "<group>"; };
		521E16F422828BFE00F675CC /* CCOfflineTests.xctest */ = {isa = PBXFileReference; explicitFileType = wrapper.cfbundle; includeInIndex = 0; path = CCOfflineTests.xctest; sourceTree = BUILT_PRODUCTS_DIR; };
		521E16F822828BFE00F675CC /* CCOfflineTests.m */ = {isa = PBXFileReference; lastKnownFileType = sourcecode.c.objc; path = CCOfflineTests.m; sourceTree = "<group>"; };
		521E16FA22828BFE00F675CC /* Info.plist */ = {isa = PBXFileReference; lastKnownFileType = text.plist.xml; path = Info.plist; sourceTree = "<group>"; };
		521E16FF22828BFE00F675CC /* CCOfflineUITests.xctest */ = {isa = PBXFileReference; explicitFileType = wrapper.cfbundle; includeInIndex = 0; path = CCOfflineUITests.xctest; sourceTree = BUILT_PRODUCTS_DIR; };
		521E170322828BFE00F675CC /* CCOfflineUITests.m */ = {isa = PBXFileReference; lastKnownFileType = sourcecode.c.objc; path = CCOfflineUITests.m; sourceTree = "<group>"; };
		521E170522828BFE00F675CC /* Info.plist */ = {isa = PBXFileReference; lastKnownFileType = text.plist.xml; path = Info.plist; sourceTree = "<group>"; };
		521E171122828C4600F675CC /* DownLoadViewController.h */ = {isa = PBXFileReference; lastKnownFileType = sourcecode.c.h; path = DownLoadViewController.h; sourceTree = "<group>"; };
		521E171222828C4600F675CC /* DownLoadViewController.m */ = {isa = PBXFileReference; lastKnownFileType = sourcecode.c.objc; path = DownLoadViewController.m; sourceTree = "<group>"; };
		521E17202282A5F400F675CC /* ScanOverViewController.h */ = {isa = PBXFileReference; fileEncoding = 4; lastKnownFileType = sourcecode.c.h; path = ScanOverViewController.h; sourceTree = "<group>"; };
		521E17212282A5F400F675CC /* PhotoNotPermissionVC.h */ = {isa = PBXFileReference; fileEncoding = 4; lastKnownFileType = sourcecode.c.h; path = PhotoNotPermissionVC.h; sourceTree = "<group>"; };
		521E17222282A5F400F675CC /* ScanViewController.m */ = {isa = PBXFileReference; fileEncoding = 4; lastKnownFileType = sourcecode.c.objc; path = ScanViewController.m; sourceTree = "<group>"; };
		521E17232282A5F400F675CC /* ScanOverViewController.m */ = {isa = PBXFileReference; fileEncoding = 4; lastKnownFileType = sourcecode.c.objc; path = ScanOverViewController.m; sourceTree = "<group>"; };
		521E17242282A5F400F675CC /* PhotoNotPermissionVC.m */ = {isa = PBXFileReference; fileEncoding = 4; lastKnownFileType = sourcecode.c.objc; path = PhotoNotPermissionVC.m; sourceTree = "<group>"; };
		521E17252282A5F400F675CC /* ScanViewController.h */ = {isa = PBXFileReference; fileEncoding = 4; lastKnownFileType = sourcecode.c.h; path = ScanViewController.h; sourceTree = "<group>"; };
		521E172E2282A64900F675CC /* AddUrlViewController.h */ = {isa = PBXFileReference; fileEncoding = 4; lastKnownFileType = sourcecode.c.h; path = AddUrlViewController.h; sourceTree = "<group>"; };
		521E172F2282A64900F675CC /* AddUrlViewController.m */ = {isa = PBXFileReference; fileEncoding = 4; lastKnownFileType = sourcecode.c.objc; path = AddUrlViewController.m; sourceTree = "<group>"; };
		521E17312282A6BA00F675CC /* CCcommonDefine.h */ = {isa = PBXFileReference; lastKnownFileType = sourcecode.c.h; path = CCcommonDefine.h; sourceTree = "<group>"; };
		521E17322282AB6200F675CC /* InformationShowView.m */ = {isa = PBXFileReference; fileEncoding = 4; lastKnownFileType = sourcecode.c.objc; path = InformationShowView.m; sourceTree = "<group>"; };
		521E17332282AB6200F675CC /* InformationShowView.h */ = {isa = PBXFileReference; fileEncoding = 4; lastKnownFileType = sourcecode.c.h; path = InformationShowView.h; sourceTree = "<group>"; };
		521E17352282ABAD00F675CC /* UITouchView.m */ = {isa = PBXFileReference; fileEncoding = 4; lastKnownFileType = sourcecode.c.objc; path = UITouchView.m; sourceTree = "<group>"; };
		521E17362282ABAD00F675CC /* UITouchView.h */ = {isa = PBXFileReference; fileEncoding = 4; lastKnownFileType = sourcecode.c.h; path = UITouchView.h; sourceTree = "<group>"; };
		521E173A2283C98F00F675CC /* MyTableViewCell.m */ = {isa = PBXFileReference; fileEncoding = 4; lastKnownFileType = sourcecode.c.objc; path = MyTableViewCell.m; sourceTree = "<group>"; };
		521E173B2283C98F00F675CC /* MyTableViewCell.h */ = {isa = PBXFileReference; fileEncoding = 4; lastKnownFileType = sourcecode.c.h; path = MyTableViewCell.h; sourceTree = "<group>"; };
		52524D80229F8B8200491342 /* IJKMediaFramework.framework */ = {isa = PBXFileReference; lastKnownFileType = wrapper.framework; path = IJKMediaFramework.framework; sourceTree = "<group>"; };
		52524D81229F8B8200491342 /* CCSDK.framework */ = {isa = PBXFileReference; lastKnownFileType = wrapper.framework; path = CCSDK.framework; sourceTree = "<group>"; };
		52524D82229F8B8200491342 /* DWDrmServer.framework */ = {isa = PBXFileReference; lastKnownFileType = wrapper.framework; path = DWDrmServer.framework; sourceTree = "<group>"; };
		52524D84229F8B8200491342 /* WebRTC.framework */ = {isa = PBXFileReference; lastKnownFileType = wrapper.framework; path = WebRTC.framework; sourceTree = "<group>"; };
		52BD12F122891F0100FCC0B5 /* CCDownloadModel.h */ = {isa = PBXFileReference; fileEncoding = 4; lastKnownFileType = sourcecode.c.h; path = CCDownloadModel.h; sourceTree = "<group>"; };
		52BD12F222891F0100FCC0B5 /* CCDownloadSessionManager+File.m */ = {isa = PBXFileReference; fileEncoding = 4; lastKnownFileType = sourcecode.c.objc; path = "CCDownloadSessionManager+File.m"; sourceTree = "<group>"; };
		52BD12F322891F0100FCC0B5 /* CCDownloadSessionManager+File.h */ = {isa = PBXFileReference; fileEncoding = 4; lastKnownFileType = sourcecode.c.h; path = "CCDownloadSessionManager+File.h"; sourceTree = "<group>"; };
		52BD12F422891F0100FCC0B5 /* NSURLSession+CCCorrectedResumeData.m */ = {isa = PBXFileReference; fileEncoding = 4; lastKnownFileType = sourcecode.c.objc; path = "NSURLSession+CCCorrectedResumeData.m"; sourceTree = "<group>"; };
		52BD12F522891F0100FCC0B5 /* CCDownloadModel.m */ = {isa = PBXFileReference; fileEncoding = 4; lastKnownFileType = sourcecode.c.objc; path = CCDownloadModel.m; sourceTree = "<group>"; };
		52BD12F622891F0100FCC0B5 /* CCDownloadSessionManager.h */ = {isa = PBXFileReference; fileEncoding = 4; lastKnownFileType = sourcecode.c.h; path = CCDownloadSessionManager.h; sourceTree = "<group>"; };
		52BD12F722891F0100FCC0B5 /* CCDownloadSessionManager.m */ = {isa = PBXFileReference; fileEncoding = 4; lastKnownFileType = sourcecode.c.objc; path = CCDownloadSessionManager.m; sourceTree = "<group>"; };
		52BD12F822891F0100FCC0B5 /* NSURLSession+CCCorrectedResumeData.h */ = {isa = PBXFileReference; fileEncoding = 4; lastKnownFileType = sourcecode.c.h; path = "NSURLSession+CCCorrectedResumeData.h"; sourceTree = "<group>"; };
		52BD12FD22893E9D00FCC0B5 /* CCDownloadUtility.h */ = {isa = PBXFileReference; fileEncoding = 4; lastKnownFileType = sourcecode.c.h; path = CCDownloadUtility.h; sourceTree = "<group>"; };
		52BD12FE22893E9D00FCC0B5 /* CCDownloadUtility.m */ = {isa = PBXFileReference; fileEncoding = 4; lastKnownFileType = sourcecode.c.objc; path = CCDownloadUtility.m; sourceTree = "<group>"; };
		52BD13502289525900FCC0B5 /* UIButton+UserInfo.m */ = {isa = PBXFileReference; fileEncoding = 4; lastKnownFileType = sourcecode.c.objc; path = "UIButton+UserInfo.m"; sourceTree = "<group>"; };
		52BD13512289525A00FCC0B5 /* UIButton+UserInfo.h */ = {isa = PBXFileReference; fileEncoding = 4; lastKnownFileType = sourcecode.c.h; path = "UIButton+UserInfo.h"; sourceTree = "<group>"; };
		52DC49C6238D2A6A00153F80 /* CCBundle.bundle */ = {isa = PBXFileReference; lastKnownFileType = "wrapper.plug-in"; path = CCBundle.bundle; sourceTree = "<group>"; };
		70E04FC522897C6300A735FC /* LICENSE */ = {isa = PBXFileReference; fileEncoding = 4; lastKnownFileType = text; path = LICENSE; sourceTree = "<group>"; };
		70E04FC722897C6300A735FC /* UIScrollView+MJRefresh.m */ = {isa = PBXFileReference; fileEncoding = 4; lastKnownFileType = sourcecode.c.objc; path = "UIScrollView+MJRefresh.m"; sourceTree = "<group>"; };
		70E04FC822897C6300A735FC /* MJRefreshConst.m */ = {isa = PBXFileReference; fileEncoding = 4; lastKnownFileType = sourcecode.c.objc; path = MJRefreshConst.m; sourceTree = "<group>"; };
		70E04FC922897C6300A735FC /* MJRefreshConfig.m */ = {isa = PBXFileReference; fileEncoding = 4; lastKnownFileType = sourcecode.c.objc; path = MJRefreshConfig.m; sourceTree = "<group>"; };
		70E04FCA22897C6300A735FC /* UIScrollView+MJExtension.h */ = {isa = PBXFileReference; fileEncoding = 4; lastKnownFileType = sourcecode.c.h; path = "UIScrollView+MJExtension.h"; sourceTree = "<group>"; };
		70E04FCB22897C6300A735FC /* MJRefresh.h */ = {isa = PBXFileReference; fileEncoding = 4; lastKnownFileType = sourcecode.c.h; path = MJRefresh.h; sourceTree = "<group>"; };
		70E04FCC22897C6300A735FC /* NSBundle+MJRefresh.h */ = {isa = PBXFileReference; fileEncoding = 4; lastKnownFileType = sourcecode.c.h; path = "NSBundle+MJRefresh.h"; sourceTree = "<group>"; };
		70E04FCD22897C6300A735FC /* MJRefresh.bundle */ = {isa = PBXFileReference; lastKnownFileType = "wrapper.plug-in"; path = MJRefresh.bundle; sourceTree = "<group>"; };
		70E04FCE22897C6300A735FC /* UIView+MJExtension.h */ = {isa = PBXFileReference; fileEncoding = 4; lastKnownFileType = sourcecode.c.h; path = "UIView+MJExtension.h"; sourceTree = "<group>"; };
		70E04FCF22897C6300A735FC /* UIScrollView+MJExtension.m */ = {isa = PBXFileReference; fileEncoding = 4; lastKnownFileType = sourcecode.c.objc; path = "UIScrollView+MJExtension.m"; sourceTree = "<group>"; };
		70E04FD022897C6300A735FC /* MJRefreshConfig.h */ = {isa = PBXFileReference; fileEncoding = 4; lastKnownFileType = sourcecode.c.h; path = MJRefreshConfig.h; sourceTree = "<group>"; };
		70E04FD122897C6300A735FC /* MJRefreshConst.h */ = {isa = PBXFileReference; fileEncoding = 4; lastKnownFileType = sourcecode.c.h; path = MJRefreshConst.h; sourceTree = "<group>"; };
		70E04FD222897C6300A735FC /* UIScrollView+MJRefresh.h */ = {isa = PBXFileReference; fileEncoding = 4; lastKnownFileType = sourcecode.c.h; path = "UIScrollView+MJRefresh.h"; sourceTree = "<group>"; };
		70E04FD322897C6300A735FC /* NSBundle+MJRefresh.m */ = {isa = PBXFileReference; fileEncoding = 4; lastKnownFileType = sourcecode.c.objc; path = "NSBundle+MJRefresh.m"; sourceTree = "<group>"; };
		70E04FD422897C6300A735FC /* UIView+MJExtension.m */ = {isa = PBXFileReference; fileEncoding = 4; lastKnownFileType = sourcecode.c.objc; path = "UIView+MJExtension.m"; sourceTree = "<group>"; };
		70E04FD822897C6300A735FC /* MJRefreshBackGifFooter.h */ = {isa = PBXFileReference; fileEncoding = 4; lastKnownFileType = sourcecode.c.h; path = MJRefreshBackGifFooter.h; sourceTree = "<group>"; };
		70E04FD922897C6300A735FC /* MJRefreshBackStateFooter.h */ = {isa = PBXFileReference; fileEncoding = 4; lastKnownFileType = sourcecode.c.h; path = MJRefreshBackStateFooter.h; sourceTree = "<group>"; };
		70E04FDA22897C6300A735FC /* MJRefreshBackNormalFooter.h */ = {isa = PBXFileReference; fileEncoding = 4; lastKnownFileType = sourcecode.c.h; path = MJRefreshBackNormalFooter.h; sourceTree = "<group>"; };
		70E04FDB22897C6300A735FC /* MJRefreshBackGifFooter.m */ = {isa = PBXFileReference; fileEncoding = 4; lastKnownFileType = sourcecode.c.objc; path = MJRefreshBackGifFooter.m; sourceTree = "<group>"; };
		70E04FDC22897C6300A735FC /* MJRefreshBackStateFooter.m */ = {isa = PBXFileReference; fileEncoding = 4; lastKnownFileType = sourcecode.c.objc; path = MJRefreshBackStateFooter.m; sourceTree = "<group>"; };
		70E04FDD22897C6300A735FC /* MJRefreshBackNormalFooter.m */ = {isa = PBXFileReference; fileEncoding = 4; lastKnownFileType = sourcecode.c.objc; path = MJRefreshBackNormalFooter.m; sourceTree = "<group>"; };
		70E04FDF22897C6300A735FC /* MJRefreshAutoStateFooter.h */ = {isa = PBXFileReference; fileEncoding = 4; lastKnownFileType = sourcecode.c.h; path = MJRefreshAutoStateFooter.h; sourceTree = "<group>"; };
		70E04FE022897C6300A735FC /* MJRefreshAutoNormalFooter.h */ = {isa = PBXFileReference; fileEncoding = 4; lastKnownFileType = sourcecode.c.h; path = MJRefreshAutoNormalFooter.h; sourceTree = "<group>"; };
		70E04FE122897C6300A735FC /* MJRefreshAutoGifFooter.h */ = {isa = PBXFileReference; fileEncoding = 4; lastKnownFileType = sourcecode.c.h; path = MJRefreshAutoGifFooter.h; sourceTree = "<group>"; };
		70E04FE222897C6300A735FC /* MJRefreshAutoStateFooter.m */ = {isa = PBXFileReference; fileEncoding = 4; lastKnownFileType = sourcecode.c.objc; path = MJRefreshAutoStateFooter.m; sourceTree = "<group>"; };
		70E04FE322897C6300A735FC /* MJRefreshAutoGifFooter.m */ = {isa = PBXFileReference; fileEncoding = 4; lastKnownFileType = sourcecode.c.objc; path = MJRefreshAutoGifFooter.m; sourceTree = "<group>"; };
		70E04FE422897C6300A735FC /* MJRefreshAutoNormalFooter.m */ = {isa = PBXFileReference; fileEncoding = 4; lastKnownFileType = sourcecode.c.objc; path = MJRefreshAutoNormalFooter.m; sourceTree = "<group>"; };
		70E04FE622897C6300A735FC /* MJRefreshNormalHeader.m */ = {isa = PBXFileReference; fileEncoding = 4; lastKnownFileType = sourcecode.c.objc; path = MJRefreshNormalHeader.m; sourceTree = "<group>"; };
		70E04FE722897C6300A735FC /* MJRefreshStateHeader.h */ = {isa = PBXFileReference; fileEncoding = 4; lastKnownFileType = sourcecode.c.h; path = MJRefreshStateHeader.h; sourceTree = "<group>"; };
		70E04FE822897C6300A735FC /* MJRefreshGifHeader.h */ = {isa = PBXFileReference; fileEncoding = 4; lastKnownFileType = sourcecode.c.h; path = MJRefreshGifHeader.h; sourceTree = "<group>"; };
		70E04FE922897C6300A735FC /* MJRefreshNormalHeader.h */ = {isa = PBXFileReference; fileEncoding = 4; lastKnownFileType = sourcecode.c.h; path = MJRefreshNormalHeader.h; sourceTree = "<group>"; };
		70E04FEA22897C6300A735FC /* MJRefreshStateHeader.m */ = {isa = PBXFileReference; fileEncoding = 4; lastKnownFileType = sourcecode.c.objc; path = MJRefreshStateHeader.m; sourceTree = "<group>"; };
		70E04FEB22897C6300A735FC /* MJRefreshGifHeader.m */ = {isa = PBXFileReference; fileEncoding = 4; lastKnownFileType = sourcecode.c.objc; path = MJRefreshGifHeader.m; sourceTree = "<group>"; };
		70E04FED22897C6300A735FC /* MJRefreshFooter.m */ = {isa = PBXFileReference; fileEncoding = 4; lastKnownFileType = sourcecode.c.objc; path = MJRefreshFooter.m; sourceTree = "<group>"; };
		70E04FEE22897C6300A735FC /* MJRefreshComponent.h */ = {isa = PBXFileReference; fileEncoding = 4; lastKnownFileType = sourcecode.c.h; path = MJRefreshComponent.h; sourceTree = "<group>"; };
		70E04FEF22897C6300A735FC /* MJRefreshHeader.m */ = {isa = PBXFileReference; fileEncoding = 4; lastKnownFileType = sourcecode.c.objc; path = MJRefreshHeader.m; sourceTree = "<group>"; };
		70E04FF022897C6300A735FC /* MJRefreshAutoFooter.h */ = {isa = PBXFileReference; fileEncoding = 4; lastKnownFileType = sourcecode.c.h; path = MJRefreshAutoFooter.h; sourceTree = "<group>"; };
		70E04FF122897C6300A735FC /* MJRefreshBackFooter.m */ = {isa = PBXFileReference; fileEncoding = 4; lastKnownFileType = sourcecode.c.objc; path = MJRefreshBackFooter.m; sourceTree = "<group>"; };
		70E04FF222897C6300A735FC /* MJRefreshAutoFooter.m */ = {isa = PBXFileReference; fileEncoding = 4; lastKnownFileType = sourcecode.c.objc; path = MJRefreshAutoFooter.m; sourceTree = "<group>"; };
		70E04FF322897C6300A735FC /* MJRefreshHeader.h */ = {isa = PBXFileReference; fileEncoding = 4; lastKnownFileType = sourcecode.c.h; path = MJRefreshHeader.h; sourceTree = "<group>"; };
		70E04FF422897C6300A735FC /* MJRefreshComponent.m */ = {isa = PBXFileReference; fileEncoding = 4; lastKnownFileType = sourcecode.c.objc; path = MJRefreshComponent.m; sourceTree = "<group>"; };
		70E04FF522897C6300A735FC /* MJRefreshFooter.h */ = {isa = PBXFileReference; fileEncoding = 4; lastKnownFileType = sourcecode.c.h; path = MJRefreshFooter.h; sourceTree = "<group>"; };
		70E04FF622897C6300A735FC /* MJRefreshBackFooter.h */ = {isa = PBXFileReference; fileEncoding = 4; lastKnownFileType = sourcecode.c.h; path = MJRefreshBackFooter.h; sourceTree = "<group>"; };
		70E04FF722897C6300A735FC /* README.md */ = {isa = PBXFileReference; fileEncoding = 4; lastKnownFileType = net.daringfireball.markdown; path = README.md; sourceTree = "<group>"; };
		70E0501222897CF500A735FC /* CCChatBaseView.h */ = {isa = PBXFileReference; fileEncoding = 4; lastKnownFileType = sourcecode.c.h; path = CCChatBaseView.h; sourceTree = "<group>"; };
		70E0501322897CF600A735FC /* CCChatBaseView.m */ = {isa = PBXFileReference; fileEncoding = 4; lastKnownFileType = sourcecode.c.objc; path = CCChatBaseView.m; sourceTree = "<group>"; };
		70E0501522897CF600A735FC /* PrivateChatViewForOne.h */ = {isa = PBXFileReference; fileEncoding = 4; lastKnownFileType = sourcecode.c.h; path = PrivateChatViewForOne.h; sourceTree = "<group>"; };
		70E0501622897CF600A735FC /* CCPrivateChatView.m */ = {isa = PBXFileReference; fileEncoding = 4; lastKnownFileType = sourcecode.c.objc; path = CCPrivateChatView.m; sourceTree = "<group>"; };
		70E0501822897CF600A735FC /* CCPrivateChatViewCell.h */ = {isa = PBXFileReference; fileEncoding = 4; lastKnownFileType = sourcecode.c.h; path = CCPrivateChatViewCell.h; sourceTree = "<group>"; };
		70E0501922897CF600A735FC /* CCPrivateChatViewCell.m */ = {isa = PBXFileReference; fileEncoding = 4; lastKnownFileType = sourcecode.c.objc; path = CCPrivateChatViewCell.m; sourceTree = "<group>"; };
		70E0501A22897CF600A735FC /* PrivateChatViewForOne.m */ = {isa = PBXFileReference; fileEncoding = 4; lastKnownFileType = sourcecode.c.objc; path = PrivateChatViewForOne.m; sourceTree = "<group>"; };
		70E0501B22897CF600A735FC /* CCPrivateChatView.h */ = {isa = PBXFileReference; fileEncoding = 4; lastKnownFileType = sourcecode.c.h; path = CCPrivateChatView.h; sourceTree = "<group>"; };
		70E0501D22897CF600A735FC /* CCChatContentView.h */ = {isa = PBXFileReference; fileEncoding = 4; lastKnownFileType = sourcecode.c.h; path = CCChatContentView.h; sourceTree = "<group>"; };
		70E0501F22897CF600A735FC /* CCChatViewDataSourceManager.h */ = {isa = PBXFileReference; fileEncoding = 4; lastKnownFileType = sourcecode.c.h; path = CCChatViewDataSourceManager.h; sourceTree = "<group>"; };
		70E0502022897CF600A735FC /* CCChatViewDataSourceManager.m */ = {isa = PBXFileReference; fileEncoding = 4; lastKnownFileType = sourcecode.c.objc; path = CCChatViewDataSourceManager.m; sourceTree = "<group>"; };
		70E0502222897CF600A735FC /* CCPhotoBrowser.h */ = {isa = PBXFileReference; fileEncoding = 4; lastKnownFileType = sourcecode.c.h; path = CCPhotoBrowser.h; sourceTree = "<group>"; };
		70E0502322897CF600A735FC /* CCImageView.m */ = {isa = PBXFileReference; fileEncoding = 4; lastKnownFileType = sourcecode.c.objc; path = CCImageView.m; sourceTree = "<group>"; };
		70E0502422897CF600A735FC /* CCChatBaseCell.m */ = {isa = PBXFileReference; fileEncoding = 4; lastKnownFileType = sourcecode.c.objc; path = CCChatBaseCell.m; sourceTree = "<group>"; };
		70E0502522897CF600A735FC /* CCPhotoBrowser.m */ = {isa = PBXFileReference; fileEncoding = 4; lastKnownFileType = sourcecode.c.objc; path = CCPhotoBrowser.m; sourceTree = "<group>"; };
		70E0502622897CF600A735FC /* CCImageView.h */ = {isa = PBXFileReference; fileEncoding = 4; lastKnownFileType = sourcecode.c.h; path = CCImageView.h; sourceTree = "<group>"; };
		70E0502722897CF600A735FC /* CCChatBaseCell.h */ = {isa = PBXFileReference; fileEncoding = 4; lastKnownFileType = sourcecode.c.h; path = CCChatBaseCell.h; sourceTree = "<group>"; };
		70E0502922897CF600A735FC /* CCPublicChatModel.m */ = {isa = PBXFileReference; fileEncoding = 4; lastKnownFileType = sourcecode.c.objc; path = CCPublicChatModel.m; sourceTree = "<group>"; };
		70E0502A22897CF600A735FC /* CCPublicChatModel.h */ = {isa = PBXFileReference; fileEncoding = 4; lastKnownFileType = sourcecode.c.h; path = CCPublicChatModel.h; sourceTree = "<group>"; };
		70E0502B22897CF600A735FC /* CCChatContentView.m */ = {isa = PBXFileReference; fileEncoding = 4; lastKnownFileType = sourcecode.c.objc; path = CCChatContentView.m; sourceTree = "<group>"; };
		70E0503622897D1E00A735FC /* CCIntroductionView.m */ = {isa = PBXFileReference; fileEncoding = 4; lastKnownFileType = sourcecode.c.objc; path = CCIntroductionView.m; sourceTree = "<group>"; };
		70E0503722897D1E00A735FC /* CCIntroductionView.h */ = {isa = PBXFileReference; fileEncoding = 4; lastKnownFileType = sourcecode.c.h; path = CCIntroductionView.h; sourceTree = "<group>"; };
		70E0503922897D4300A735FC /* CCQuestionView.h */ = {isa = PBXFileReference; fileEncoding = 4; lastKnownFileType = sourcecode.c.h; path = CCQuestionView.h; sourceTree = "<group>"; };
		70E0503A22897D4300A735FC /* CCQuestionView.m */ = {isa = PBXFileReference; fileEncoding = 4; lastKnownFileType = sourcecode.c.objc; path = CCQuestionView.m; sourceTree = "<group>"; };
		70E0503B22897D4300A735FC /* CCQuestionViewCell.m */ = {isa = PBXFileReference; fileEncoding = 4; lastKnownFileType = sourcecode.c.objc; path = CCQuestionViewCell.m; sourceTree = "<group>"; };
		70E0503C22897D4300A735FC /* QuestionTextField.m */ = {isa = PBXFileReference; fileEncoding = 4; lastKnownFileType = sourcecode.c.objc; path = QuestionTextField.m; sourceTree = "<group>"; };
		70E0503D22897D4400A735FC /* CCQuestionViewCell.h */ = {isa = PBXFileReference; fileEncoding = 4; lastKnownFileType = sourcecode.c.h; path = CCQuestionViewCell.h; sourceTree = "<group>"; };
		70E0503E22897D4400A735FC /* QuestionTextField.h */ = {isa = PBXFileReference; fileEncoding = 4; lastKnownFileType = sourcecode.c.h; path = QuestionTextField.h; sourceTree = "<group>"; };
		70E0504822897DB400A735FC /* CCPlayBackInteractionView.h */ = {isa = PBXFileReference; fileEncoding = 4; lastKnownFileType = sourcecode.c.h; path = CCPlayBackInteractionView.h; sourceTree = "<group>"; };
		70E0504922897DB400A735FC /* CCPlayBackInteractionView.m */ = {isa = PBXFileReference; fileEncoding = 4; lastKnownFileType = sourcecode.c.objc; path = CCPlayBackInteractionView.m; sourceTree = "<group>"; };
		70E0504A22897DB400A735FC /* CCPlayBackView.h */ = {isa = PBXFileReference; fileEncoding = 4; lastKnownFileType = sourcecode.c.h; path = CCPlayBackView.h; sourceTree = "<group>"; };
		70E0504B22897DB400A735FC /* CCPlayBackView.m */ = {isa = PBXFileReference; fileEncoding = 4; lastKnownFileType = sourcecode.c.objc; path = CCPlayBackView.m; sourceTree = "<group>"; };
		70E0505022897EEC00A735FC /* UIImage+Extension.h */ = {isa = PBXFileReference; fileEncoding = 4; lastKnownFileType = sourcecode.c.h; path = "UIImage+Extension.h"; sourceTree = "<group>"; };
		70E0505122897EEC00A735FC /* NSString+Extension.h */ = {isa = PBXFileReference; fileEncoding = 4; lastKnownFileType = sourcecode.c.h; path = "NSString+Extension.h"; sourceTree = "<group>"; };
		70E0505222897EEC00A735FC /* UIImage+Extension.m */ = {isa = PBXFileReference; fileEncoding = 4; lastKnownFileType = sourcecode.c.objc; path = "UIImage+Extension.m"; sourceTree = "<group>"; };
		70E0505322897EEC00A735FC /* UIButton+UserInfo.m */ = {isa = PBXFileReference; fileEncoding = 4; lastKnownFileType = sourcecode.c.objc; path = "UIButton+UserInfo.m"; sourceTree = "<group>"; };
		70E0505422897EEC00A735FC /* UILabel+Extension.h */ = {isa = PBXFileReference; fileEncoding = 4; lastKnownFileType = sourcecode.c.h; path = "UILabel+Extension.h"; sourceTree = "<group>"; };
		70E0505522897EEC00A735FC /* UIButton+Extension.h */ = {isa = PBXFileReference; fileEncoding = 4; lastKnownFileType = sourcecode.c.h; path = "UIButton+Extension.h"; sourceTree = "<group>"; };
		70E0505622897EEC00A735FC /* UIView+Extension.m */ = {isa = PBXFileReference; fileEncoding = 4; lastKnownFileType = sourcecode.c.objc; path = "UIView+Extension.m"; sourceTree = "<group>"; };
		70E0505722897EEC00A735FC /* UIImage+animatedGIF.m */ = {isa = PBXFileReference; fileEncoding = 4; lastKnownFileType = sourcecode.c.objc; path = "UIImage+animatedGIF.m"; sourceTree = "<group>"; };
		70E0505822897EEC00A735FC /* UIView+GetVC.m */ = {isa = PBXFileReference; fileEncoding = 4; lastKnownFileType = sourcecode.c.objc; path = "UIView+GetVC.m"; sourceTree = "<group>"; };
		70E0505922897EEC00A735FC /* UITextView+UserInfo.h */ = {isa = PBXFileReference; fileEncoding = 4; lastKnownFileType = sourcecode.c.h; path = "UITextView+UserInfo.h"; sourceTree = "<group>"; };
		70E0505A22897EEC00A735FC /* UIButton+Extension.m */ = {isa = PBXFileReference; fileEncoding = 4; lastKnownFileType = sourcecode.c.objc; path = "UIButton+Extension.m"; sourceTree = "<group>"; };
		70E0505B22897EEC00A735FC /* UIBarButtonItem+Extension.h */ = {isa = PBXFileReference; fileEncoding = 4; lastKnownFileType = sourcecode.c.h; path = "UIBarButtonItem+Extension.h"; sourceTree = "<group>"; };
		70E0505C22897EEC00A735FC /* UIColor+RCColor.h */ = {isa = PBXFileReference; fileEncoding = 4; lastKnownFileType = sourcecode.c.h; path = "UIColor+RCColor.h"; sourceTree = "<group>"; };
		70E0505D22897EEC00A735FC /* UILabel+Extension.m */ = {isa = PBXFileReference; fileEncoding = 4; lastKnownFileType = sourcecode.c.objc; path = "UILabel+Extension.m"; sourceTree = "<group>"; };
		70E0505E22897EED00A735FC /* UIButton+UserInfo.h */ = {isa = PBXFileReference; fileEncoding = 4; lastKnownFileType = sourcecode.c.h; path = "UIButton+UserInfo.h"; sourceTree = "<group>"; };
		70E0505F22897EED00A735FC /* UIColor+RCColor.m */ = {isa = PBXFileReference; fileEncoding = 4; lastKnownFileType = sourcecode.c.objc; path = "UIColor+RCColor.m"; sourceTree = "<group>"; };
		70E0506022897EED00A735FC /* UIView+Extension.h */ = {isa = PBXFileReference; fileEncoding = 4; lastKnownFileType = sourcecode.c.h; path = "UIView+Extension.h"; sourceTree = "<group>"; };
		70E0506122897EED00A735FC /* NSString+CCSwitchTime.m */ = {isa = PBXFileReference; fileEncoding = 4; lastKnownFileType = sourcecode.c.objc; path = "NSString+CCSwitchTime.m"; sourceTree = "<group>"; };
		70E0506222897EED00A735FC /* UIView+GetVC.h */ = {isa = PBXFileReference; fileEncoding = 4; lastKnownFileType = sourcecode.c.h; path = "UIView+GetVC.h"; sourceTree = "<group>"; };
		70E0506322897EED00A735FC /* UITextView+UserInfo.m */ = {isa = PBXFileReference; fileEncoding = 4; lastKnownFileType = sourcecode.c.objc; path = "UITextView+UserInfo.m"; sourceTree = "<group>"; };
		70E0506422897EED00A735FC /* TextFieldUserInfo.m */ = {isa = PBXFileReference; fileEncoding = 4; lastKnownFileType = sourcecode.c.objc; path = TextFieldUserInfo.m; sourceTree = "<group>"; };
		70E0506522897EED00A735FC /* UIImage+animatedGIF.h */ = {isa = PBXFileReference; fileEncoding = 4; lastKnownFileType = sourcecode.c.h; path = "UIImage+animatedGIF.h"; sourceTree = "<group>"; };
		70E0506622897EED00A735FC /* NSString+CCSwitchTime.h */ = {isa = PBXFileReference; fileEncoding = 4; lastKnownFileType = sourcecode.c.h; path = "NSString+CCSwitchTime.h"; sourceTree = "<group>"; };
		70E0506722897EED00A735FC /* UIBarButtonItem+Extension.m */ = {isa = PBXFileReference; fileEncoding = 4; lastKnownFileType = sourcecode.c.objc; path = "UIBarButtonItem+Extension.m"; sourceTree = "<group>"; };
		70E0506822897EED00A735FC /* TextFieldUserInfo.h */ = {isa = PBXFileReference; fileEncoding = 4; lastKnownFileType = sourcecode.c.h; path = TextFieldUserInfo.h; sourceTree = "<group>"; };
		70E0506922897EED00A735FC /* NSString+Extension.m */ = {isa = PBXFileReference; fileEncoding = 4; lastKnownFileType = sourcecode.c.objc; path = "NSString+Extension.m"; sourceTree = "<group>"; };
		70E0507722897F2500A735FC /* CCLockView.h */ = {isa = PBXFileReference; fileEncoding = 4; lastKnownFileType = sourcecode.c.h; path = CCLockView.h; sourceTree = "<group>"; };
		70E0507822897F2500A735FC /* CCLockView.m */ = {isa = PBXFileReference; fileEncoding = 4; lastKnownFileType = sourcecode.c.objc; path = CCLockView.m; sourceTree = "<group>"; };
		70E0507922897F2500A735FC /* CCAlertView.m */ = {isa = PBXFileReference; fileEncoding = 4; lastKnownFileType = sourcecode.c.objc; path = CCAlertView.m; sourceTree = "<group>"; };
		70E0507A22897F2500A735FC /* CCAlertView.h */ = {isa = PBXFileReference; fileEncoding = 4; lastKnownFileType = sourcecode.c.h; path = CCAlertView.h; sourceTree = "<group>"; };
		70E0507B22897F2500A735FC /* CCProxy.h */ = {isa = PBXFileReference; fileEncoding = 4; lastKnownFileType = sourcecode.c.h; path = CCProxy.h; sourceTree = "<group>"; };
		70E0507C22897F2500A735FC /* CCProxy.m */ = {isa = PBXFileReference; fileEncoding = 4; lastKnownFileType = sourcecode.c.objc; path = CCProxy.m; sourceTree = "<group>"; };
		70E0508022897FA300A735FC /* Dialogue.h */ = {isa = PBXFileReference; fileEncoding = 4; lastKnownFileType = sourcecode.c.h; path = Dialogue.h; sourceTree = "<group>"; };
		70E0508122897FA300A735FC /* Dialogue.m */ = {isa = PBXFileReference; fileEncoding = 4; lastKnownFileType = sourcecode.c.objc; path = Dialogue.m; sourceTree = "<group>"; };
		70E0508322897FD900A735FC /* CCDocView.h */ = {isa = PBXFileReference; fileEncoding = 4; lastKnownFileType = sourcecode.c.h; path = CCDocView.h; sourceTree = "<group>"; };
		70E0508422897FD900A735FC /* CCDocView.m */ = {isa = PBXFileReference; fileEncoding = 4; lastKnownFileType = sourcecode.c.objc; path = CCDocView.m; sourceTree = "<group>"; };
		70E050862289829F00A735FC /* CustomTextField.h */ = {isa = PBXFileReference; fileEncoding = 4; lastKnownFileType = sourcecode.c.h; path = CustomTextField.h; sourceTree = "<group>"; };
		70E050872289829F00A735FC /* CustomTextField.m */ = {isa = PBXFileReference; fileEncoding = 4; lastKnownFileType = sourcecode.c.objc; path = CustomTextField.m; sourceTree = "<group>"; };
		70E05089228982C100A735FC /* Utility.h */ = {isa = PBXFileReference; fileEncoding = 4; lastKnownFileType = sourcecode.c.h; path = Utility.h; sourceTree = "<group>"; };
		70E0508A228982C100A735FC /* Utility.m */ = {isa = PBXFileReference; fileEncoding = 4; lastKnownFileType = sourcecode.c.objc; path = Utility.m; sourceTree = "<group>"; };
		70E0508C2289830800A735FC /* MySlider.h */ = {isa = PBXFileReference; fileEncoding = 4; lastKnownFileType = sourcecode.c.h; path = MySlider.h; sourceTree = "<group>"; };
		70E0508D2289830800A735FC /* MySlider.m */ = {isa = PBXFileReference; fileEncoding = 4; lastKnownFileType = sourcecode.c.objc; path = MySlider.m; sourceTree = "<group>"; };
		70E0508F2289832400A735FC /* LoadingView.h */ = {isa = PBXFileReference; fileEncoding = 4; lastKnownFileType = sourcecode.c.h; path = LoadingView.h; sourceTree = "<group>"; };
		70E050902289832400A735FC /* LoadingView.m */ = {isa = PBXFileReference; fileEncoding = 4; lastKnownFileType = sourcecode.c.objc; path = LoadingView.m; sourceTree = "<group>"; };
		70E05092228A94D800A735FC /* OfflinePlayBackViewController.h */ = {isa = PBXFileReference; lastKnownFileType = sourcecode.c.h; path = OfflinePlayBackViewController.h; sourceTree = "<group>"; };
		70E05093228A94D800A735FC /* OfflinePlayBackViewController.m */ = {isa = PBXFileReference; lastKnownFileType = sourcecode.c.objc; path = OfflinePlayBackViewController.m; sourceTree = "<group>"; };
		70E05095228AB17700A735FC /* CCOffline.pch */ = {isa = PBXFileReference; lastKnownFileType = sourcecode.c.h; path = CCOffline.pch; sourceTree = "<group>"; };
		90A7284CB95D83E339F22D2F /* Pods_CCOffline.framework */ = {isa = PBXFileReference; explicitFileType = wrapper.framework; includeInIndex = 0; path = Pods_CCOffline.framework; sourceTree = BUILT_PRODUCTS_DIR; };
		CBFDD36B0AAC52E34B16FDC1 /* Pods-CCOffline.debug.xcconfig */ = {isa = PBXFileReference; includeInIndex = 1; lastKnownFileType = text.xcconfig; name = "Pods-CCOffline.debug.xcconfig"; path = "Target Support Files/Pods-CCOffline/Pods-CCOffline.debug.xcconfig"; sourceTree = "<group>"; };
/* End PBXFileReference section */

/* Begin PBXFrameworksBuildPhase section */
		521E16D922828BFD00F675CC /* Frameworks */ = {
			isa = PBXFrameworksBuildPhase;
			buildActionMask = 2147483647;
			files = (
				E851E2CA9046E3CF0438D498 /* Pods_CCOffline.framework in Frameworks */,
				52524D8C229F8B9000491342 /* DWDrmServer.framework in Frameworks */,
				52524D8A229F8B9000491342 /* CCSDK.framework in Frameworks */,
				52524D8E229F8B9100491342 /* IJKMediaFramework.framework in Frameworks */,
				52524D86229F8B8300491342 /* CCSDK.framework in Frameworks */,
				52524D90229F8B9100491342 /* WebRTC.framework in Frameworks */,
				52524D87229F8B8300491342 /* DWDrmServer.framework in Frameworks */,
				52524D89229F8B8300491342 /* WebRTC.framework in Frameworks */,
				52524D85229F8B8300491342 /* IJKMediaFramework.framework in Frameworks */,
			);
			runOnlyForDeploymentPostprocessing = 0;
		};
		521E16F122828BFE00F675CC /* Frameworks */ = {
			isa = PBXFrameworksBuildPhase;
			buildActionMask = 2147483647;
			files = (
			);
			runOnlyForDeploymentPostprocessing = 0;
		};
		521E16FC22828BFE00F675CC /* Frameworks */ = {
			isa = PBXFrameworksBuildPhase;
			buildActionMask = 2147483647;
			files = (
			);
			runOnlyForDeploymentPostprocessing = 0;
		};
/* End PBXFrameworksBuildPhase section */

/* Begin PBXGroup section */
		046252B565BE1FC746D7D657 /* Frameworks */ = {
			isa = PBXGroup;
			children = (
				90A7284CB95D83E339F22D2F /* Pods_CCOffline.framework */,
			);
			name = Frameworks;
			sourceTree = "<group>";
		};
		19BDAF8D9801522B807A4606 /* Pods */ = {
			isa = PBXGroup;
			children = (
				CBFDD36B0AAC52E34B16FDC1 /* Pods-CCOffline.debug.xcconfig */,
				0A778FD9D199A0C9BEC6BDA5 /* Pods-CCOffline.release.xcconfig */,
			);
			path = Pods;
			sourceTree = "<group>";
		};
		521E16D322828BFD00F675CC = {
			isa = PBXGroup;
			children = (
				521E16DE22828BFD00F675CC /* CCOffline */,
				521E16F722828BFE00F675CC /* CCOfflineTests */,
				521E170222828BFE00F675CC /* CCOfflineUITests */,
				521E16DD22828BFD00F675CC /* Products */,
				19BDAF8D9801522B807A4606 /* Pods */,
				046252B565BE1FC746D7D657 /* Frameworks */,
			);
			sourceTree = "<group>";
		};
		521E16DD22828BFD00F675CC /* Products */ = {
			isa = PBXGroup;
			children = (
				521E16DC22828BFD00F675CC /* CCOffline.app */,
				521E16F422828BFE00F675CC /* CCOfflineTests.xctest */,
				521E16FF22828BFE00F675CC /* CCOfflineUITests.xctest */,
			);
			name = Products;
			sourceTree = "<group>";
		};
		521E16DE22828BFD00F675CC /* CCOffline */ = {
			isa = PBXGroup;
			children = (
				70E0504F22897EC800A735FC /* Category */,
				70E0504222897D5C00A735FC /* Offline-离线回放 */,
				70E0501122897CDB00A735FC /* Question-问答 */,
				70E0501022897CB000A735FC /* Introduction-简介 */,
				70E0500F22897C9E00A735FC /* Chat-聊天 */,
				70E04FC322897C4F00A735FC /* Lib */,
				52F418E32285296E00AD19FD /* CCSDK */,
				521E171F2282A5F400F675CC /* 二维码扫描 */,
				521E17142282A5F400F675CC /* Download */,
				521E17382283C93700F675CC /* Tools */,
				521E17392283C95D00F675CC /* BASE */,
				521E172E2282A64900F675CC /* AddUrlViewController.h */,
				521E172F2282A64900F675CC /* AddUrlViewController.m */,
				52BD13512289525A00FCC0B5 /* UIButton+UserInfo.h */,
				52BD13502289525900FCC0B5 /* UIButton+UserInfo.m */,
				521E171122828C4600F675CC /* DownLoadViewController.h */,
				521E171222828C4600F675CC /* DownLoadViewController.m */,
				521E173B2283C98F00F675CC /* MyTableViewCell.h */,
				521E173A2283C98F00F675CC /* MyTableViewCell.m */,
				521E16E522828BFD00F675CC /* Main.storyboard */,
				521E16E822828BFE00F675CC /* Assets.xcassets */,
				521E16EA22828BFE00F675CC /* LaunchScreen.storyboard */,
				521E16ED22828BFE00F675CC /* Info.plist */,
				521E16EE22828BFE00F675CC /* main.m */,
				70E05095228AB17700A735FC /* CCOffline.pch */,
			);
			path = CCOffline;
			sourceTree = "<group>";
		};
		521E16F722828BFE00F675CC /* CCOfflineTests */ = {
			isa = PBXGroup;
			children = (
				521E16F822828BFE00F675CC /* CCOfflineTests.m */,
				521E16FA22828BFE00F675CC /* Info.plist */,
			);
			path = CCOfflineTests;
			sourceTree = "<group>";
		};
		521E170222828BFE00F675CC /* CCOfflineUITests */ = {
			isa = PBXGroup;
			children = (
				521E170322828BFE00F675CC /* CCOfflineUITests.m */,
				521E170522828BFE00F675CC /* Info.plist */,
			);
			path = CCOfflineUITests;
			sourceTree = "<group>";
		};
		521E17142282A5F400F675CC /* Download */ = {
			isa = PBXGroup;
			children = (
				52BD12FD22893E9D00FCC0B5 /* CCDownloadUtility.h */,
				52BD12FE22893E9D00FCC0B5 /* CCDownloadUtility.m */,
				52BD12F122891F0100FCC0B5 /* CCDownloadModel.h */,
				52BD12F522891F0100FCC0B5 /* CCDownloadModel.m */,
				52BD12F622891F0100FCC0B5 /* CCDownloadSessionManager.h */,
				52BD12F722891F0100FCC0B5 /* CCDownloadSessionManager.m */,
				52BD12F322891F0100FCC0B5 /* CCDownloadSessionManager+File.h */,
				52BD12F222891F0100FCC0B5 /* CCDownloadSessionManager+File.m */,
				52BD12F822891F0100FCC0B5 /* NSURLSession+CCCorrectedResumeData.h */,
				52BD12F422891F0100FCC0B5 /* NSURLSession+CCCorrectedResumeData.m */,
			);
			path = Download;
			sourceTree = "<group>";
		};
		521E171F2282A5F400F675CC /* 二维码扫描 */ = {
			isa = PBXGroup;
			children = (
				521E17202282A5F400F675CC /* ScanOverViewController.h */,
				521E17212282A5F400F675CC /* PhotoNotPermissionVC.h */,
				521E17222282A5F400F675CC /* ScanViewController.m */,
				521E17232282A5F400F675CC /* ScanOverViewController.m */,
				521E17242282A5F400F675CC /* PhotoNotPermissionVC.m */,
				521E17252282A5F400F675CC /* ScanViewController.h */,
			);
			path = "二维码扫描";
			sourceTree = "<group>";
		};
		521E17382283C93700F675CC /* Tools */ = {
			isa = PBXGroup;
			children = (
				70E0508F2289832400A735FC /* LoadingView.h */,
				70E050902289832400A735FC /* LoadingView.m */,
				70E0508C2289830800A735FC /* MySlider.h */,
				70E0508D2289830800A735FC /* MySlider.m */,
				70E05089228982C100A735FC /* Utility.h */,
				70E0508A228982C100A735FC /* Utility.m */,
				70E050862289829F00A735FC /* CustomTextField.h */,
				70E050872289829F00A735FC /* CustomTextField.m */,
				70E0508322897FD900A735FC /* CCDocView.h */,
				70E0508422897FD900A735FC /* CCDocView.m */,
				70E0508022897FA300A735FC /* Dialogue.h */,
				70E0508122897FA300A735FC /* Dialogue.m */,
				70E0507A22897F2500A735FC /* CCAlertView.h */,
				70E0507922897F2500A735FC /* CCAlertView.m */,
				70E0507722897F2500A735FC /* CCLockView.h */,
				70E0507822897F2500A735FC /* CCLockView.m */,
				70E0507B22897F2500A735FC /* CCProxy.h */,
				70E0507C22897F2500A735FC /* CCProxy.m */,
				521E17332282AB6200F675CC /* InformationShowView.h */,
				521E17322282AB6200F675CC /* InformationShowView.m */,
				521E17362282ABAD00F675CC /* UITouchView.h */,
				521E17352282ABAD00F675CC /* UITouchView.m */,
			);
			path = Tools;
			sourceTree = "<group>";
		};
		521E17392283C95D00F675CC /* BASE */ = {
			isa = PBXGroup;
			children = (
				521E16DF22828BFD00F675CC /* AppDelegate.h */,
				521E16E022828BFD00F675CC /* AppDelegate.m */,
				521E17312282A6BA00F675CC /* CCcommonDefine.h */,
			);
			path = BASE;
			sourceTree = "<group>";
		};
		52F418E32285296E00AD19FD /* CCSDK */ = {
			isa = PBXGroup;
			children = (
				52DC49C6238D2A6A00153F80 /* CCBundle.bundle */,
				52524D81229F8B8200491342 /* CCSDK.framework */,
				52524D82229F8B8200491342 /* DWDrmServer.framework */,
				52524D80229F8B8200491342 /* IJKMediaFramework.framework */,
				52524D84229F8B8200491342 /* WebRTC.framework */,
			);
			path = CCSDK;
			sourceTree = "<group>";
		};
		70E04FC322897C4F00A735FC /* Lib */ = {
			isa = PBXGroup;
			children = (
				70E04FC422897C6300A735FC /* MJRefresh */,
			);
			path = Lib;
			sourceTree = "<group>";
		};
		70E04FC422897C6300A735FC /* MJRefresh */ = {
			isa = PBXGroup;
			children = (
				70E04FC522897C6300A735FC /* LICENSE */,
				70E04FC622897C6300A735FC /* MJRefresh */,
				70E04FF722897C6300A735FC /* README.md */,
			);
			path = MJRefresh;
			sourceTree = "<group>";
		};
		70E04FC622897C6300A735FC /* MJRefresh */ = {
			isa = PBXGroup;
			children = (
				70E04FC722897C6300A735FC /* UIScrollView+MJRefresh.m */,
				70E04FC822897C6300A735FC /* MJRefreshConst.m */,
				70E04FC922897C6300A735FC /* MJRefreshConfig.m */,
				70E04FCA22897C6300A735FC /* UIScrollView+MJExtension.h */,
				70E04FCB22897C6300A735FC /* MJRefresh.h */,
				70E04FCC22897C6300A735FC /* NSBundle+MJRefresh.h */,
				70E04FCD22897C6300A735FC /* MJRefresh.bundle */,
				70E04FCE22897C6300A735FC /* UIView+MJExtension.h */,
				70E04FCF22897C6300A735FC /* UIScrollView+MJExtension.m */,
				70E04FD022897C6300A735FC /* MJRefreshConfig.h */,
				70E04FD122897C6300A735FC /* MJRefreshConst.h */,
				70E04FD222897C6300A735FC /* UIScrollView+MJRefresh.h */,
				70E04FD322897C6300A735FC /* NSBundle+MJRefresh.m */,
				70E04FD422897C6300A735FC /* UIView+MJExtension.m */,
				70E04FD522897C6300A735FC /* Custom */,
				70E04FEC22897C6300A735FC /* Base */,
			);
			path = MJRefresh;
			sourceTree = "<group>";
		};
		70E04FD522897C6300A735FC /* Custom */ = {
			isa = PBXGroup;
			children = (
				70E04FD622897C6300A735FC /* Footer */,
				70E04FE522897C6300A735FC /* Header */,
			);
			path = Custom;
			sourceTree = "<group>";
		};
		70E04FD622897C6300A735FC /* Footer */ = {
			isa = PBXGroup;
			children = (
				70E04FD722897C6300A735FC /* Back */,
				70E04FDE22897C6300A735FC /* Auto */,
			);
			path = Footer;
			sourceTree = "<group>";
		};
		70E04FD722897C6300A735FC /* Back */ = {
			isa = PBXGroup;
			children = (
				70E04FD822897C6300A735FC /* MJRefreshBackGifFooter.h */,
				70E04FD922897C6300A735FC /* MJRefreshBackStateFooter.h */,
				70E04FDA22897C6300A735FC /* MJRefreshBackNormalFooter.h */,
				70E04FDB22897C6300A735FC /* MJRefreshBackGifFooter.m */,
				70E04FDC22897C6300A735FC /* MJRefreshBackStateFooter.m */,
				70E04FDD22897C6300A735FC /* MJRefreshBackNormalFooter.m */,
			);
			path = Back;
			sourceTree = "<group>";
		};
		70E04FDE22897C6300A735FC /* Auto */ = {
			isa = PBXGroup;
			children = (
				70E04FDF22897C6300A735FC /* MJRefreshAutoStateFooter.h */,
				70E04FE022897C6300A735FC /* MJRefreshAutoNormalFooter.h */,
				70E04FE122897C6300A735FC /* MJRefreshAutoGifFooter.h */,
				70E04FE222897C6300A735FC /* MJRefreshAutoStateFooter.m */,
				70E04FE322897C6300A735FC /* MJRefreshAutoGifFooter.m */,
				70E04FE422897C6300A735FC /* MJRefreshAutoNormalFooter.m */,
			);
			path = Auto;
			sourceTree = "<group>";
		};
		70E04FE522897C6300A735FC /* Header */ = {
			isa = PBXGroup;
			children = (
				70E04FE622897C6300A735FC /* MJRefreshNormalHeader.m */,
				70E04FE722897C6300A735FC /* MJRefreshStateHeader.h */,
				70E04FE822897C6300A735FC /* MJRefreshGifHeader.h */,
				70E04FE922897C6300A735FC /* MJRefreshNormalHeader.h */,
				70E04FEA22897C6300A735FC /* MJRefreshStateHeader.m */,
				70E04FEB22897C6300A735FC /* MJRefreshGifHeader.m */,
			);
			path = Header;
			sourceTree = "<group>";
		};
		70E04FEC22897C6300A735FC /* Base */ = {
			isa = PBXGroup;
			children = (
				70E04FED22897C6300A735FC /* MJRefreshFooter.m */,
				70E04FEE22897C6300A735FC /* MJRefreshComponent.h */,
				70E04FEF22897C6300A735FC /* MJRefreshHeader.m */,
				70E04FF022897C6300A735FC /* MJRefreshAutoFooter.h */,
				70E04FF122897C6300A735FC /* MJRefreshBackFooter.m */,
				70E04FF222897C6300A735FC /* MJRefreshAutoFooter.m */,
				70E04FF322897C6300A735FC /* MJRefreshHeader.h */,
				70E04FF422897C6300A735FC /* MJRefreshComponent.m */,
				70E04FF522897C6300A735FC /* MJRefreshFooter.h */,
				70E04FF622897C6300A735FC /* MJRefreshBackFooter.h */,
			);
			path = Base;
			sourceTree = "<group>";
		};
		70E0500F22897C9E00A735FC /* Chat-聊天 */ = {
			isa = PBXGroup;
			children = (
				70E0501222897CF500A735FC /* CCChatBaseView.h */,
				70E0501322897CF600A735FC /* CCChatBaseView.m */,
				70E0501422897CF600A735FC /* Private-私聊 */,
				70E0501C22897CF600A735FC /* PublicChat-公聊 */,
			);
			path = "Chat-聊天";
			sourceTree = "<group>";
		};
		70E0501022897CB000A735FC /* Introduction-简介 */ = {
			isa = PBXGroup;
			children = (
				70E0503722897D1E00A735FC /* CCIntroductionView.h */,
				70E0503622897D1E00A735FC /* CCIntroductionView.m */,
			);
			path = "Introduction-简介";
			sourceTree = "<group>";
		};
		70E0501122897CDB00A735FC /* Question-问答 */ = {
			isa = PBXGroup;
			children = (
				70E0503922897D4300A735FC /* CCQuestionView.h */,
				70E0503A22897D4300A735FC /* CCQuestionView.m */,
				70E0503D22897D4400A735FC /* CCQuestionViewCell.h */,
				70E0503B22897D4300A735FC /* CCQuestionViewCell.m */,
				70E0503E22897D4400A735FC /* QuestionTextField.h */,
				70E0503C22897D4300A735FC /* QuestionTextField.m */,
			);
			path = "Question-问答";
			sourceTree = "<group>";
		};
		70E0501422897CF600A735FC /* Private-私聊 */ = {
			isa = PBXGroup;
			children = (
				70E0501522897CF600A735FC /* PrivateChatViewForOne.h */,
				70E0501622897CF600A735FC /* CCPrivateChatView.m */,
				70E0501722897CF600A735FC /* Cell */,
				70E0501A22897CF600A735FC /* PrivateChatViewForOne.m */,
				70E0501B22897CF600A735FC /* CCPrivateChatView.h */,
			);
			path = "Private-私聊";
			sourceTree = "<group>";
		};
		70E0501722897CF600A735FC /* Cell */ = {
			isa = PBXGroup;
			children = (
				70E0501822897CF600A735FC /* CCPrivateChatViewCell.h */,
				70E0501922897CF600A735FC /* CCPrivateChatViewCell.m */,
			);
			path = Cell;
			sourceTree = "<group>";
		};
		70E0501C22897CF600A735FC /* PublicChat-公聊 */ = {
			isa = PBXGroup;
			children = (
				70E0501D22897CF600A735FC /* CCChatContentView.h */,
				70E0502B22897CF600A735FC /* CCChatContentView.m */,
				70E0501E22897CF600A735FC /* DataSoruceManager */,
				70E0502122897CF600A735FC /* Cell */,
				70E0502822897CF600A735FC /* Model */,
			);
			path = "PublicChat-公聊";
			sourceTree = "<group>";
		};
		70E0501E22897CF600A735FC /* DataSoruceManager */ = {
			isa = PBXGroup;
			children = (
				70E0501F22897CF600A735FC /* CCChatViewDataSourceManager.h */,
				70E0502022897CF600A735FC /* CCChatViewDataSourceManager.m */,
			);
			path = DataSoruceManager;
			sourceTree = "<group>";
		};
		70E0502122897CF600A735FC /* Cell */ = {
			isa = PBXGroup;
			children = (
				70E0502222897CF600A735FC /* CCPhotoBrowser.h */,
				70E0502322897CF600A735FC /* CCImageView.m */,
				70E0502422897CF600A735FC /* CCChatBaseCell.m */,
				70E0502522897CF600A735FC /* CCPhotoBrowser.m */,
				70E0502622897CF600A735FC /* CCImageView.h */,
				70E0502722897CF600A735FC /* CCChatBaseCell.h */,
			);
			path = Cell;
			sourceTree = "<group>";
		};
		70E0502822897CF600A735FC /* Model */ = {
			isa = PBXGroup;
			children = (
				70E0502922897CF600A735FC /* CCPublicChatModel.m */,
				70E0502A22897CF600A735FC /* CCPublicChatModel.h */,
			);
			path = Model;
			sourceTree = "<group>";
		};
		70E0504222897D5C00A735FC /* Offline-离线回放 */ = {
			isa = PBXGroup;
			children = (
				70E0504422897D7100A735FC /* Controller */,
				70E0504322897D6900A735FC /* Views */,
			);
			path = "Offline-离线回放";
			sourceTree = "<group>";
		};
		70E0504322897D6900A735FC /* Views */ = {
			isa = PBXGroup;
			children = (
				70E0504822897DB400A735FC /* CCPlayBackInteractionView.h */,
				70E0504922897DB400A735FC /* CCPlayBackInteractionView.m */,
				70E0504A22897DB400A735FC /* CCPlayBackView.h */,
				70E0504B22897DB400A735FC /* CCPlayBackView.m */,
			);
			path = Views;
			sourceTree = "<group>";
		};
		70E0504422897D7100A735FC /* Controller */ = {
			isa = PBXGroup;
			children = (
				70E05092228A94D800A735FC /* OfflinePlayBackViewController.h */,
				70E05093228A94D800A735FC /* OfflinePlayBackViewController.m */,
			);
			path = Controller;
			sourceTree = "<group>";
		};
		70E0504F22897EC800A735FC /* Category */ = {
			isa = PBXGroup;
			children = (
				70E0506622897EED00A735FC /* NSString+CCSwitchTime.h */,
				70E0506122897EED00A735FC /* NSString+CCSwitchTime.m */,
				70E0505122897EEC00A735FC /* NSString+Extension.h */,
				70E0506922897EED00A735FC /* NSString+Extension.m */,
				70E0506822897EED00A735FC /* TextFieldUserInfo.h */,
				70E0506422897EED00A735FC /* TextFieldUserInfo.m */,
				70E0505B22897EEC00A735FC /* UIBarButtonItem+Extension.h */,
				70E0506722897EED00A735FC /* UIBarButtonItem+Extension.m */,
				70E0505522897EEC00A735FC /* UIButton+Extension.h */,
				70E0505A22897EEC00A735FC /* UIButton+Extension.m */,
				70E0505E22897EED00A735FC /* UIButton+UserInfo.h */,
				70E0505322897EEC00A735FC /* UIButton+UserInfo.m */,
				70E0505C22897EEC00A735FC /* UIColor+RCColor.h */,
				70E0505F22897EED00A735FC /* UIColor+RCColor.m */,
				70E0506522897EED00A735FC /* UIImage+animatedGIF.h */,
				70E0505722897EEC00A735FC /* UIImage+animatedGIF.m */,
				70E0505022897EEC00A735FC /* UIImage+Extension.h */,
				70E0505222897EEC00A735FC /* UIImage+Extension.m */,
				70E0505422897EEC00A735FC /* UILabel+Extension.h */,
				70E0505D22897EEC00A735FC /* UILabel+Extension.m */,
				70E0505922897EEC00A735FC /* UITextView+UserInfo.h */,
				70E0506322897EED00A735FC /* UITextView+UserInfo.m */,
				70E0506022897EED00A735FC /* UIView+Extension.h */,
				70E0505622897EEC00A735FC /* UIView+Extension.m */,
				70E0506222897EED00A735FC /* UIView+GetVC.h */,
				70E0505822897EEC00A735FC /* UIView+GetVC.m */,
			);
			path = Category;
			sourceTree = "<group>";
		};
/* End PBXGroup section */

/* Begin PBXNativeTarget section */
		521E16DB22828BFD00F675CC /* CCOffline */ = {
			isa = PBXNativeTarget;
			buildConfigurationList = 521E170822828BFE00F675CC /* Build configuration list for PBXNativeTarget "CCOffline" */;
			buildPhases = (
				7A9218E4F6D1C3C69E500FA8 /* [CP] Check Pods Manifest.lock */,
				521E16D822828BFD00F675CC /* Sources */,
				521E16D922828BFD00F675CC /* Frameworks */,
				521E16DA22828BFD00F675CC /* Resources */,
				A01391076E742CEDC34347C4 /* [CP] Embed Pods Frameworks */,
				521E17812284038B00F675CC /* Embed Frameworks */,
			);
			buildRules = (
			);
			dependencies = (
			);
			name = CCOffline;
			productName = CCOffline;
			productReference = 521E16DC22828BFD00F675CC /* CCOffline.app */;
			productType = "com.apple.product-type.application";
		};
		521E16F322828BFE00F675CC /* CCOfflineTests */ = {
			isa = PBXNativeTarget;
			buildConfigurationList = 521E170B22828BFE00F675CC /* Build configuration list for PBXNativeTarget "CCOfflineTests" */;
			buildPhases = (
				521E16F022828BFE00F675CC /* Sources */,
				521E16F122828BFE00F675CC /* Frameworks */,
				521E16F222828BFE00F675CC /* Resources */,
			);
			buildRules = (
			);
			dependencies = (
				521E16F622828BFE00F675CC /* PBXTargetDependency */,
			);
			name = CCOfflineTests;
			productName = CCOfflineTests;
			productReference = 521E16F422828BFE00F675CC /* CCOfflineTests.xctest */;
			productType = "com.apple.product-type.bundle.unit-test";
		};
		521E16FE22828BFE00F675CC /* CCOfflineUITests */ = {
			isa = PBXNativeTarget;
			buildConfigurationList = 521E170E22828BFE00F675CC /* Build configuration list for PBXNativeTarget "CCOfflineUITests" */;
			buildPhases = (
				521E16FB22828BFE00F675CC /* Sources */,
				521E16FC22828BFE00F675CC /* Frameworks */,
				521E16FD22828BFE00F675CC /* Resources */,
			);
			buildRules = (
			);
			dependencies = (
				521E170122828BFE00F675CC /* PBXTargetDependency */,
			);
			name = CCOfflineUITests;
			productName = CCOfflineUITests;
			productReference = 521E16FF22828BFE00F675CC /* CCOfflineUITests.xctest */;
			productType = "com.apple.product-type.bundle.ui-testing";
		};
/* End PBXNativeTarget section */

/* Begin PBXProject section */
		521E16D422828BFD00F675CC /* Project object */ = {
			isa = PBXProject;
			attributes = {
				LastUpgradeCheck = 1020;
				ORGANIZATIONNAME = "MacBook Pro";
				TargetAttributes = {
					521E16DB22828BFD00F675CC = {
						CreatedOnToolsVersion = 10.2.1;
					};
					521E16F322828BFE00F675CC = {
						CreatedOnToolsVersion = 10.2.1;
						TestTargetID = 521E16DB22828BFD00F675CC;
					};
					521E16FE22828BFE00F675CC = {
						CreatedOnToolsVersion = 10.2.1;
						TestTargetID = 521E16DB22828BFD00F675CC;
					};
				};
			};
			buildConfigurationList = 521E16D722828BFD00F675CC /* Build configuration list for PBXProject "CCOffline" */;
			compatibilityVersion = "Xcode 9.3";
			developmentRegion = en;
			hasScannedForEncodings = 0;
			knownRegions = (
				en,
				Base,
			);
			mainGroup = 521E16D322828BFD00F675CC;
			productRefGroup = 521E16DD22828BFD00F675CC /* Products */;
			projectDirPath = "";
			projectRoot = "";
			targets = (
				521E16DB22828BFD00F675CC /* CCOffline */,
				521E16F322828BFE00F675CC /* CCOfflineTests */,
				521E16FE22828BFE00F675CC /* CCOfflineUITests */,
			);
		};
/* End PBXProject section */

/* Begin PBXResourcesBuildPhase section */
		521E16DA22828BFD00F675CC /* Resources */ = {
			isa = PBXResourcesBuildPhase;
			buildActionMask = 2147483647;
			files = (
				521E16EC22828BFE00F675CC /* LaunchScreen.storyboard in Resources */,
				70E04FFC22897C6300A735FC /* MJRefresh.bundle in Resources */,
				52DC49C7238D2A6A00153F80 /* CCBundle.bundle in Resources */,
				70E0500E22897C6300A735FC /* README.md in Resources */,
				521E16E922828BFE00F675CC /* Assets.xcassets in Resources */,
				521E16E722828BFD00F675CC /* Main.storyboard in Resources */,
				70E04FF822897C6300A735FC /* LICENSE in Resources */,
			);
			runOnlyForDeploymentPostprocessing = 0;
		};
		521E16F222828BFE00F675CC /* Resources */ = {
			isa = PBXResourcesBuildPhase;
			buildActionMask = 2147483647;
			files = (
			);
			runOnlyForDeploymentPostprocessing = 0;
		};
		521E16FD22828BFE00F675CC /* Resources */ = {
			isa = PBXResourcesBuildPhase;
			buildActionMask = 2147483647;
			files = (
			);
			runOnlyForDeploymentPostprocessing = 0;
		};
/* End PBXResourcesBuildPhase section */

/* Begin PBXShellScriptBuildPhase section */
		7A9218E4F6D1C3C69E500FA8 /* [CP] Check Pods Manifest.lock */ = {
			isa = PBXShellScriptBuildPhase;
			buildActionMask = 2147483647;
			files = (
			);
			inputFileListPaths = (
			);
			inputPaths = (
				"${PODS_PODFILE_DIR_PATH}/Podfile.lock",
				"${PODS_ROOT}/Manifest.lock",
			);
			name = "[CP] Check Pods Manifest.lock";
			outputFileListPaths = (
			);
			outputPaths = (
				"$(DERIVED_FILE_DIR)/Pods-CCOffline-checkManifestLockResult.txt",
			);
			runOnlyForDeploymentPostprocessing = 0;
			shellPath = /bin/sh;
			shellScript = "diff \"${PODS_PODFILE_DIR_PATH}/Podfile.lock\" \"${PODS_ROOT}/Manifest.lock\" > /dev/null\nif [ $? != 0 ] ; then\n    # print error to STDERR\n    echo \"error: The sandbox is not in sync with the Podfile.lock. Run 'pod install' or update your CocoaPods installation.\" >&2\n    exit 1\nfi\n# This output is used by Xcode 'outputs' to avoid re-running this script phase.\necho \"SUCCESS\" > \"${SCRIPT_OUTPUT_FILE_0}\"\n";
			showEnvVarsInLog = 0;
		};
		A01391076E742CEDC34347C4 /* [CP] Embed Pods Frameworks */ = {
			isa = PBXShellScriptBuildPhase;
			buildActionMask = 2147483647;
			files = (
			);
			inputFileListPaths = (
			);
			inputPaths = (
				"${PODS_ROOT}/Target Support Files/Pods-CCOffline/Pods-CCOffline-frameworks.sh",
				"${BUILT_PRODUCTS_DIR}/Masonry/Masonry.framework",
				"${BUILT_PRODUCTS_DIR}/SDWebImage/SDWebImage.framework",
			);
			name = "[CP] Embed Pods Frameworks";
			outputFileListPaths = (
			);
			outputPaths = (
				"${TARGET_BUILD_DIR}/${FRAMEWORKS_FOLDER_PATH}/Masonry.framework",
				"${TARGET_BUILD_DIR}/${FRAMEWORKS_FOLDER_PATH}/SDWebImage.framework",
			);
			runOnlyForDeploymentPostprocessing = 0;
			shellPath = /bin/sh;
			shellScript = "\"${PODS_ROOT}/Target Support Files/Pods-CCOffline/Pods-CCOffline-frameworks.sh\"\n";
			showEnvVarsInLog = 0;
		};
/* End PBXShellScriptBuildPhase section */

/* Begin PBXSourcesBuildPhase section */
		521E16D822828BFD00F675CC /* Sources */ = {
			isa = PBXSourcesBuildPhase;
			buildActionMask = 2147483647;
			files = (
				70E0503122897CF600A735FC /* CCImageView.m in Sources */,
				70E0500022897C6300A735FC /* MJRefreshBackGifFooter.m in Sources */,
				70E0508222897FA300A735FC /* Dialogue.m in Sources */,
				521E16EF22828BFE00F675CC /* main.m in Sources */,
				70E0507D22897F2500A735FC /* CCLockView.m in Sources */,
				70E0500222897C6300A735FC /* MJRefreshBackNormalFooter.m in Sources */,
				70E0503022897CF600A735FC /* CCChatViewDataSourceManager.m in Sources */,
				521E172B2282A5F400F675CC /* ScanViewController.m in Sources */,
				70E050882289829F00A735FC /* CustomTextField.m in Sources */,
				70E0500322897C6300A735FC /* MJRefreshAutoStateFooter.m in Sources */,
				70E0500722897C6300A735FC /* MJRefreshStateHeader.m in Sources */,
				521E172D2282A5F400F675CC /* PhotoNotPermissionVC.m in Sources */,
				70E04FFF22897C6300A735FC /* UIView+MJExtension.m in Sources */,
				70E04FFE22897C6300A735FC /* NSBundle+MJRefresh.m in Sources */,
				70E0503422897CF600A735FC /* CCPublicChatModel.m in Sources */,
				70E04FFA22897C6300A735FC /* MJRefreshConst.m in Sources */,
				70E050912289832400A735FC /* LoadingView.m in Sources */,
				521E171322828C4600F675CC /* DownLoadViewController.m in Sources */,
				70E0506C22897EED00A735FC /* UIView+Extension.m in Sources */,
				70E0504022897D4400A735FC /* CCQuestionViewCell.m in Sources */,
				70E0500B22897C6300A735FC /* MJRefreshBackFooter.m in Sources */,
				70E0506D22897EED00A735FC /* UIImage+animatedGIF.m in Sources */,
				70E0504D22897DB400A735FC /* CCPlayBackView.m in Sources */,
				70E0507E22897F2500A735FC /* CCAlertView.m in Sources */,
				70E0506E22897EED00A735FC /* UIView+GetVC.m in Sources */,
				521E17372282ABAD00F675CC /* UITouchView.m in Sources */,
				521E17302282A64900F675CC /* AddUrlViewController.m in Sources */,
				70E0503322897CF600A735FC /* CCPhotoBrowser.m in Sources */,
				52BD12FF22893E9D00FCC0B5 /* CCDownloadUtility.m in Sources */,
				70E0507522897EED00A735FC /* UIBarButtonItem+Extension.m in Sources */,
				70E0507222897EED00A735FC /* NSString+CCSwitchTime.m in Sources */,
				70E0504C22897DB400A735FC /* CCPlayBackInteractionView.m in Sources */,
				70E0502C22897CF600A735FC /* CCChatBaseView.m in Sources */,
				70E0507322897EED00A735FC /* UITextView+UserInfo.m in Sources */,
				52BD12FC22891F0100FCC0B5 /* CCDownloadSessionManager.m in Sources */,
				70E0504122897D4400A735FC /* QuestionTextField.m in Sources */,
				70E0500D22897C6300A735FC /* MJRefreshComponent.m in Sources */,
				70E0500A22897C6300A735FC /* MJRefreshHeader.m in Sources */,
				70E0507122897EED00A735FC /* UIColor+RCColor.m in Sources */,
				70E0500822897C6300A735FC /* MJRefreshGifHeader.m in Sources */,
				521E16E122828BFD00F675CC /* AppDelegate.m in Sources */,
				70E0508E2289830800A735FC /* MySlider.m in Sources */,
				70E0502F22897CF600A735FC /* PrivateChatViewForOne.m in Sources */,
				70E0507422897EED00A735FC /* TextFieldUserInfo.m in Sources */,
				521E172C2282A5F400F675CC /* ScanOverViewController.m in Sources */,
				52BD12FB22891F0100FCC0B5 /* CCDownloadModel.m in Sources */,
				70E0508522897FD900A735FC /* CCDocView.m in Sources */,
				70E0507622897EED00A735FC /* NSString+Extension.m in Sources */,
				70E04FFD22897C6300A735FC /* UIScrollView+MJExtension.m in Sources */,
				70E0506F22897EED00A735FC /* UIButton+Extension.m in Sources */,
				70E05094228A94D800A735FC /* OfflinePlayBackViewController.m in Sources */,
				70E0507022897EED00A735FC /* UILabel+Extension.m in Sources */,
				70E0502D22897CF600A735FC /* CCPrivateChatView.m in Sources */,
				52BD13522289525A00FCC0B5 /* UIButton+UserInfo.m in Sources */,
				70E0506A22897EED00A735FC /* UIImage+Extension.m in Sources */,
				70E0508B228982C100A735FC /* Utility.m in Sources */,
				70E0500122897C6300A735FC /* MJRefreshBackStateFooter.m in Sources */,
				70E0500C22897C6300A735FC /* MJRefreshAutoFooter.m in Sources */,
				70E0503222897CF600A735FC /* CCChatBaseCell.m in Sources */,
				52BD12F922891F0100FCC0B5 /* CCDownloadSessionManager+File.m in Sources */,
				70E0500522897C6300A735FC /* MJRefreshAutoNormalFooter.m in Sources */,
				70E04FFB22897C6300A735FC /* MJRefreshConfig.m in Sources */,
				70E0506B22897EED00A735FC /* UIButton+UserInfo.m in Sources */,
				70E0503522897CF600A735FC /* CCChatContentView.m in Sources */,
				521E173C2283C98F00F675CC /* MyTableViewCell.m in Sources */,
				70E0503F22897D4400A735FC /* CCQuestionView.m in Sources */,
				70E0503822897D1E00A735FC /* CCIntroductionView.m in Sources */,
				52BD12FA22891F0100FCC0B5 /* NSURLSession+CCCorrectedResumeData.m in Sources */,
				521E17342282AB6200F675CC /* InformationShowView.m in Sources */,
				70E0500922897C6300A735FC /* MJRefreshFooter.m in Sources */,
				70E0502E22897CF600A735FC /* CCPrivateChatViewCell.m in Sources */,
				70E0500422897C6300A735FC /* MJRefreshAutoGifFooter.m in Sources */,
				70E0507F22897F2500A735FC /* CCProxy.m in Sources */,
				70E0500622897C6300A735FC /* MJRefreshNormalHeader.m in Sources */,
				70E04FF922897C6300A735FC /* UIScrollView+MJRefresh.m in Sources */,
			);
			runOnlyForDeploymentPostprocessing = 0;
		};
		521E16F022828BFE00F675CC /* Sources */ = {
			isa = PBXSourcesBuildPhase;
			buildActionMask = 2147483647;
			files = (
				521E16F922828BFE00F675CC /* CCOfflineTests.m in Sources */,
			);
			runOnlyForDeploymentPostprocessing = 0;
		};
		521E16FB22828BFE00F675CC /* Sources */ = {
			isa = PBXSourcesBuildPhase;
			buildActionMask = 2147483647;
			files = (
				521E170422828BFE00F675CC /* CCOfflineUITests.m in Sources */,
			);
			runOnlyForDeploymentPostprocessing = 0;
		};
/* End PBXSourcesBuildPhase section */

/* Begin PBXTargetDependency section */
		521E16F622828BFE00F675CC /* PBXTargetDependency */ = {
			isa = PBXTargetDependency;
			target = 521E16DB22828BFD00F675CC /* CCOffline */;
			targetProxy = 521E16F522828BFE00F675CC /* PBXContainerItemProxy */;
		};
		521E170122828BFE00F675CC /* PBXTargetDependency */ = {
			isa = PBXTargetDependency;
			target = 521E16DB22828BFD00F675CC /* CCOffline */;
			targetProxy = 521E170022828BFE00F675CC /* PBXContainerItemProxy */;
		};
/* End PBXTargetDependency section */

/* Begin PBXVariantGroup section */
		521E16E522828BFD00F675CC /* Main.storyboard */ = {
			isa = PBXVariantGroup;
			children = (
				521E16E622828BFD00F675CC /* Base */,
			);
			name = Main.storyboard;
			sourceTree = "<group>";
		};
		521E16EA22828BFE00F675CC /* LaunchScreen.storyboard */ = {
			isa = PBXVariantGroup;
			children = (
				521E16EB22828BFE00F675CC /* Base */,
			);
			name = LaunchScreen.storyboard;
			sourceTree = "<group>";
		};
/* End PBXVariantGroup section */

/* Begin XCBuildConfiguration section */
		521E170622828BFE00F675CC /* Debug */ = {
			isa = XCBuildConfiguration;
			buildSettings = {
				ALWAYS_SEARCH_USER_PATHS = NO;
				CLANG_ANALYZER_NONNULL = YES;
				CLANG_ANALYZER_NUMBER_OBJECT_CONVERSION = YES_AGGRESSIVE;
				CLANG_CXX_LANGUAGE_STANDARD = "gnu++14";
				CLANG_CXX_LIBRARY = "libc++";
				CLANG_ENABLE_MODULES = YES;
				CLANG_ENABLE_OBJC_ARC = YES;
				CLANG_ENABLE_OBJC_WEAK = YES;
				CLANG_WARN_BLOCK_CAPTURE_AUTORELEASING = YES;
				CLANG_WARN_BOOL_CONVERSION = YES;
				CLANG_WARN_COMMA = YES;
				CLANG_WARN_CONSTANT_CONVERSION = YES;
				CLANG_WARN_DEPRECATED_OBJC_IMPLEMENTATIONS = YES;
				CLANG_WARN_DIRECT_OBJC_ISA_USAGE = YES_ERROR;
				CLANG_WARN_DOCUMENTATION_COMMENTS = YES;
				CLANG_WARN_EMPTY_BODY = YES;
				CLANG_WARN_ENUM_CONVERSION = YES;
				CLANG_WARN_INFINITE_RECURSION = YES;
				CLANG_WARN_INT_CONVERSION = YES;
				CLANG_WARN_NON_LITERAL_NULL_CONVERSION = YES;
				CLANG_WARN_OBJC_IMPLICIT_RETAIN_SELF = YES;
				CLANG_WARN_OBJC_LITERAL_CONVERSION = YES;
				CLANG_WARN_OBJC_ROOT_CLASS = YES_ERROR;
				CLANG_WARN_RANGE_LOOP_ANALYSIS = YES;
				CLANG_WARN_STRICT_PROTOTYPES = YES;
				CLANG_WARN_SUSPICIOUS_MOVE = YES;
				CLANG_WARN_UNGUARDED_AVAILABILITY = YES_AGGRESSIVE;
				CLANG_WARN_UNREACHABLE_CODE = YES;
				CLANG_WARN__DUPLICATE_METHOD_MATCH = YES;
				CODE_SIGN_IDENTITY = "iPhone Developer";
				COPY_PHASE_STRIP = NO;
				DEBUG_INFORMATION_FORMAT = dwarf;
				ENABLE_BITCODE = NO;
				ENABLE_STRICT_OBJC_MSGSEND = YES;
				ENABLE_TESTABILITY = YES;
				GCC_C_LANGUAGE_STANDARD = gnu11;
				GCC_DYNAMIC_NO_PIC = NO;
				GCC_NO_COMMON_BLOCKS = YES;
				GCC_OPTIMIZATION_LEVEL = 0;
				GCC_PREPROCESSOR_DEFINITIONS = (
					"DEBUG=1",
					"$(inherited)",
				);
				GCC_WARN_64_TO_32_BIT_CONVERSION = YES;
				GCC_WARN_ABOUT_RETURN_TYPE = YES_ERROR;
				GCC_WARN_UNDECLARED_SELECTOR = YES;
				GCC_WARN_UNINITIALIZED_AUTOS = YES_AGGRESSIVE;
				GCC_WARN_UNUSED_FUNCTION = YES;
				GCC_WARN_UNUSED_VARIABLE = YES;
				IPHONEOS_DEPLOYMENT_TARGET = 12.2;
				MTL_ENABLE_DEBUG_INFO = INCLUDE_SOURCE;
				MTL_FAST_MATH = YES;
				ONLY_ACTIVE_ARCH = YES;
				SDKROOT = iphoneos;
			};
			name = Debug;
		};
		521E170722828BFE00F675CC /* Release */ = {
			isa = XCBuildConfiguration;
			buildSettings = {
				ALWAYS_SEARCH_USER_PATHS = NO;
				CLANG_ANALYZER_NONNULL = YES;
				CLANG_ANALYZER_NUMBER_OBJECT_CONVERSION = YES_AGGRESSIVE;
				CLANG_CXX_LANGUAGE_STANDARD = "gnu++14";
				CLANG_CXX_LIBRARY = "libc++";
				CLANG_ENABLE_MODULES = YES;
				CLANG_ENABLE_OBJC_ARC = YES;
				CLANG_ENABLE_OBJC_WEAK = YES;
				CLANG_WARN_BLOCK_CAPTURE_AUTORELEASING = YES;
				CLANG_WARN_BOOL_CONVERSION = YES;
				CLANG_WARN_COMMA = YES;
				CLANG_WARN_CONSTANT_CONVERSION = YES;
				CLANG_WARN_DEPRECATED_OBJC_IMPLEMENTATIONS = YES;
				CLANG_WARN_DIRECT_OBJC_ISA_USAGE = YES_ERROR;
				CLANG_WARN_DOCUMENTATION_COMMENTS = YES;
				CLANG_WARN_EMPTY_BODY = YES;
				CLANG_WARN_ENUM_CONVERSION = YES;
				CLANG_WARN_INFINITE_RECURSION = YES;
				CLANG_WARN_INT_CONVERSION = YES;
				CLANG_WARN_NON_LITERAL_NULL_CONVERSION = YES;
				CLANG_WARN_OBJC_IMPLICIT_RETAIN_SELF = YES;
				CLANG_WARN_OBJC_LITERAL_CONVERSION = YES;
				CLANG_WARN_OBJC_ROOT_CLASS = YES_ERROR;
				CLANG_WARN_RANGE_LOOP_ANALYSIS = YES;
				CLANG_WARN_STRICT_PROTOTYPES = YES;
				CLANG_WARN_SUSPICIOUS_MOVE = YES;
				CLANG_WARN_UNGUARDED_AVAILABILITY = YES_AGGRESSIVE;
				CLANG_WARN_UNREACHABLE_CODE = YES;
				CLANG_WARN__DUPLICATE_METHOD_MATCH = YES;
				CODE_SIGN_IDENTITY = "iPhone Developer";
				COPY_PHASE_STRIP = NO;
				DEBUG_INFORMATION_FORMAT = "dwarf-with-dsym";
				ENABLE_BITCODE = NO;
				ENABLE_NS_ASSERTIONS = NO;
				ENABLE_STRICT_OBJC_MSGSEND = YES;
				GCC_C_LANGUAGE_STANDARD = gnu11;
				GCC_NO_COMMON_BLOCKS = YES;
				GCC_WARN_64_TO_32_BIT_CONVERSION = YES;
				GCC_WARN_ABOUT_RETURN_TYPE = YES_ERROR;
				GCC_WARN_UNDECLARED_SELECTOR = YES;
				GCC_WARN_UNINITIALIZED_AUTOS = YES_AGGRESSIVE;
				GCC_WARN_UNUSED_FUNCTION = YES;
				GCC_WARN_UNUSED_VARIABLE = YES;
				IPHONEOS_DEPLOYMENT_TARGET = 12.2;
				MTL_ENABLE_DEBUG_INFO = NO;
				MTL_FAST_MATH = YES;
				SDKROOT = iphoneos;
				VALIDATE_PRODUCT = YES;
			};
			name = Release;
		};
		521E170922828BFE00F675CC /* Debug */ = {
			isa = XCBuildConfiguration;
			baseConfigurationReference = CBFDD36B0AAC52E34B16FDC1 /* Pods-CCOffline.debug.xcconfig */;
			buildSettings = {
				ASSETCATALOG_COMPILER_APPICON_NAME = AppIcon;
				CODE_SIGN_STYLE = Automatic;
				DEVELOPMENT_TEAM = P92BH8WWP5;
				ENABLE_BITCODE = NO;
				ENABLE_STRICT_OBJC_MSGSEND = YES;
				FRAMEWORK_SEARCH_PATHS = (
					"$(inherited)",
					"$(PROJECT_DIR)/CCOffline/CCSDK",
				);
				GCC_INCREASE_PRECOMPILED_HEADER_SHARING = YES;
				GCC_PREFIX_HEADER = CCOffline/CCOffline.pch;
				INFOPLIST_FILE = CCOffline/Info.plist;
				IPHONEOS_DEPLOYMENT_TARGET = 8.0;
				LD_RUNPATH_SEARCH_PATHS = (
					"$(inherited)",
					"@executable_path/Frameworks",
				);
				PRODUCT_BUNDLE_IDENTIFIER = cn.CCOffline;
				PRODUCT_NAME = "$(TARGET_NAME)";
				TARGETED_DEVICE_FAMILY = "1,2";
			};
			name = Debug;
		};
		521E170A22828BFE00F675CC /* Release */ = {
			isa = XCBuildConfiguration;
			baseConfigurationReference = 0A778FD9D199A0C9BEC6BDA5 /* Pods-CCOffline.release.xcconfig */;
			buildSettings = {
				ASSETCATALOG_COMPILER_APPICON_NAME = AppIcon;
				CODE_SIGN_STYLE = Automatic;
				DEVELOPMENT_TEAM = P92BH8WWP5;
				ENABLE_BITCODE = NO;
				ENABLE_STRICT_OBJC_MSGSEND = YES;
				FRAMEWORK_SEARCH_PATHS = (
					"$(inherited)",
					"$(PROJECT_DIR)/CCOffline/CCSDK",
				);
				GCC_INCREASE_PRECOMPILED_HEADER_SHARING = YES;
				GCC_PREFIX_HEADER = CCOffline/CCOffline.pch;
				INFOPLIST_FILE = CCOffline/Info.plist;
				IPHONEOS_DEPLOYMENT_TARGET = 8.0;
				LD_RUNPATH_SEARCH_PATHS = (
					"$(inherited)",
					"@executable_path/Frameworks",
				);
				PRODUCT_BUNDLE_IDENTIFIER = cn.CCOffline;
				PRODUCT_NAME = "$(TARGET_NAME)";
				TARGETED_DEVICE_FAMILY = "1,2";
			};
			name = Release;
		};
		521E170C22828BFE00F675CC /* Debug */ = {
			isa = XCBuildConfiguration;
			buildSettings = {
				BUNDLE_LOADER = "$(TEST_HOST)";
				CODE_SIGN_STYLE = Automatic;
				DEVELOPMENT_TEAM = TX67Q8A5U5;
				INFOPLIST_FILE = CCOfflineTests/Info.plist;
				LD_RUNPATH_SEARCH_PATHS = (
					"$(inherited)",
					"@executable_path/Frameworks",
					"@loader_path/Frameworks",
				);
				PRODUCT_BUNDLE_IDENTIFIER = cn.CCOfflineTests;
				PRODUCT_NAME = "$(TARGET_NAME)";
				TARGETED_DEVICE_FAMILY = "1,2";
				TEST_HOST = "$(BUILT_PRODUCTS_DIR)/CCOffline.app/CCOffline";
			};
			name = Debug;
		};
		521E170D22828BFE00F675CC /* Release */ = {
			isa = XCBuildConfiguration;
			buildSettings = {
				BUNDLE_LOADER = "$(TEST_HOST)";
				CODE_SIGN_STYLE = Automatic;
				DEVELOPMENT_TEAM = TX67Q8A5U5;
				INFOPLIST_FILE = CCOfflineTests/Info.plist;
				LD_RUNPATH_SEARCH_PATHS = (
					"$(inherited)",
					"@executable_path/Frameworks",
					"@loader_path/Frameworks",
				);
				PRODUCT_BUNDLE_IDENTIFIER = cn.CCOfflineTests;
				PRODUCT_NAME = "$(TARGET_NAME)";
				TARGETED_DEVICE_FAMILY = "1,2";
				TEST_HOST = "$(BUILT_PRODUCTS_DIR)/CCOffline.app/CCOffline";
			};
			name = Release;
		};
		521E170F22828BFE00F675CC /* Debug */ = {
			isa = XCBuildConfiguration;
			buildSettings = {
				CODE_SIGN_STYLE = Automatic;
				DEVELOPMENT_TEAM = TX67Q8A5U5;
				INFOPLIST_FILE = CCOfflineUITests/Info.plist;
				LD_RUNPATH_SEARCH_PATHS = (
					"$(inherited)",
					"@executable_path/Frameworks",
					"@loader_path/Frameworks",
				);
				PRODUCT_BUNDLE_IDENTIFIER = cn.CCOfflineUITests;
				PRODUCT_NAME = "$(TARGET_NAME)";
				TARGETED_DEVICE_FAMILY = "1,2";
				TEST_TARGET_NAME = CCOffline;
			};
			name = Debug;
		};
		521E171022828BFE00F675CC /* Release */ = {
			isa = XCBuildConfiguration;
			buildSettings = {
				CODE_SIGN_STYLE = Automatic;
				DEVELOPMENT_TEAM = TX67Q8A5U5;
				INFOPLIST_FILE = CCOfflineUITests/Info.plist;
				LD_RUNPATH_SEARCH_PATHS = (
					"$(inherited)",
					"@executable_path/Frameworks",
					"@loader_path/Frameworks",
				);
				PRODUCT_BUNDLE_IDENTIFIER = cn.CCOfflineUITests;
				PRODUCT_NAME = "$(TARGET_NAME)";
				TARGETED_DEVICE_FAMILY = "1,2";
				TEST_TARGET_NAME = CCOffline;
			};
			name = Release;
		};
/* End XCBuildConfiguration section */

/* Begin XCConfigurationList section */
		521E16D722828BFD00F675CC /* Build configuration list for PBXProject "CCOffline" */ = {
			isa = XCConfigurationList;
			buildConfigurations = (
				521E170622828BFE00F675CC /* Debug */,
				521E170722828BFE00F675CC /* Release */,
			);
			defaultConfigurationIsVisible = 0;
			defaultConfigurationName = Release;
		};
		521E170822828BFE00F675CC /* Build configuration list for PBXNativeTarget "CCOffline" */ = {
			isa = XCConfigurationList;
			buildConfigurations = (
				521E170922828BFE00F675CC /* Debug */,
				521E170A22828BFE00F675CC /* Release */,
			);
			defaultConfigurationIsVisible = 0;
			defaultConfigurationName = Release;
		};
		521E170B22828BFE00F675CC /* Build configuration list for PBXNativeTarget "CCOfflineTests" */ = {
			isa = XCConfigurationList;
			buildConfigurations = (
				521E170C22828BFE00F675CC /* Debug */,
				521E170D22828BFE00F675CC /* Release */,
			);
			defaultConfigurationIsVisible = 0;
			defaultConfigurationName = Release;
		};
		521E170E22828BFE00F675CC /* Build configuration list for PBXNativeTarget "CCOfflineUITests" */ = {
			isa = XCConfigurationList;
			buildConfigurations = (
				521E170F22828BFE00F675CC /* Debug */,
				521E171022828BFE00F675CC /* Release */,
			);
			defaultConfigurationIsVisible = 0;
			defaultConfigurationName = Release;
		};
/* End XCConfigurationList section */
	};
	rootObject = 521E16D422828BFD00F675CC /* Project object */;
}
